
Microsoft Visual Studio Solution File, Format Version 12.00
# Visual Studio 14
VisualStudioVersion = 14.0.23107.0
MinimumVisualStudioVersion = 10.0.40219.1
Project("{E24C65DC-7377-472B-9ABA-BC803B73C61A}") = "NFinalChm", "NFinalChm\", "{3D28ABA0-5E3F-4B93-BA0B-BB4FBD3E34AF}"
	ProjectSection(WebsiteProperties) = preProject
		TargetFrameworkMoniker = ".NETFramework,Version%3Dv4.0"
		Debug.AspNetCompiler.VirtualPath = "/localhost_65370"
		Debug.AspNetCompiler.PhysicalPath = "NFinalChm\"
		Debug.AspNetCompiler.TargetPath = "PrecompiledWeb\localhost_65370\"
		Debug.AspNetCompiler.Updateable = "true"
		Debug.AspNetCompiler.ForceOverwrite = "true"
		Debug.AspNetCompiler.FixedNames = "false"
		Debug.AspNetCompiler.Debug = "True"
		Release.AspNetCompiler.VirtualPath = "/localhost_65370"
		Release.AspNetCompiler.PhysicalPath = "NFinalChm\"
		Release.AspNetCompiler.TargetPath = "PrecompiledWeb\localhost_65370\"
		Release.AspNetCompiler.Updateable = "true"
		Release.AspNetCompiler.ForceOverwrite = "true"
		Release.AspNetCompiler.FixedNames = "false"
		Release.AspNetCompiler.Debug = "False"
		VWDPort = "65370"
		SlnRelativePath = "NFinalChm\"
	EndProjectSection
EndProject
Global
	GlobalSection(SolutionConfigurationPlatforms) = preSolution
		Debug|Any CPU = Debug|Any CPU
	EndGlobalSection
	GlobalSection(ProjectConfigurationPlatforms) = postSolution
		{3D28ABA0-5E3F-4B93-BA0B-BB4FBD3E34AF}.Debug|Any CPU.ActiveCfg = Debug|Any CPU
		{3D28ABA0-5E3F-4B93-BA0B-BB4FBD3E34AF}.Debug|Any CPU.Build.0 = Debug|Any CPU
	EndGlobalSection
	GlobalSection(SolutionProperties) = preSolution
		HideSolutionNode = FALSE
	EndGlobalSection
EndGlobal
