
Microsoft Visual Studio Solution File, Format Version 12.00
# Visual Studio 14
VisualStudioVersion = 14.0.25420.1
MinimumVisualStudioVersion = 10.0.40219.1
Project("{FAE04EC0-301F-11D3-BF4B-00C04F79EFBC}") = "NFinalNuGet", "NFinalNuGet\NFinalNuGet.csproj", "{54843699-C089-4FB5-B72C-6DC1E17D8107}"
EndProject
Project("{FAE04EC0-301F-11D3-BF4B-00C04F79EFBC}") = "NFinal", "NFinal\NFinal.csproj", "{26B51552-007D-42EA-9EB8-5B57308427E1}"
EndProject
Project("{FAE04EC0-301F-11D3-BF4B-00C04F79EFBC}") = "NFinalControllerGenerator", "NFinalControllerGenerator\NFinalControllerGenerator.csproj", "{B731F5C8-D86E-4350-8173-0128EA8B077D}"
EndProject
Project("{FAE04EC0-301F-11D3-BF4B-00C04F79EFBC}") = "NFinalRazorGenerator", "NFinalRazorGenerator\NFinalRazorGenerator.csproj", "{679C00AB-805D-486D-A7CA-7D0B4B235A16}"
EndProject
Project("{FAE04EC0-301F-11D3-BF4B-00C04F79EFBC}") = "NFinalAspxGenerator", "NFinalAspxGenerator\NFinalAspxGenerator.csproj", "{E7273AA7-80D2-43F5-8519-44060302C0D0}"
EndProject
Project("{FAE04EC0-301F-11D3-BF4B-00C04F79EFBC}") = "NFinalJsonGenerator", "NFinalJsonGenerator\NFinalJsonGenerator.csproj", "{DFCC37D0-6AEB-4F01-A4D7-E95F85AAC4FE}"
EndProject
Project("{FAE04EC0-301F-11D3-BF4B-00C04F79EFBC}") = "NFinalControllerGeneratorTest", "NFinalControllerGeneratorTest\NFinalControllerGeneratorTest.csproj", "{3236D499-CEBD-4295-9635-0C4DF7D7CAC1}"
EndProject
Project("{FAE04EC0-301F-11D3-BF4B-00C04F79EFBC}") = "NFinalModelGenerator", "NFinalModelGenerator\NFinalModelGenerator.csproj", "{96BFE3E8-2519-4252-91F1-951699C28A64}"
EndProject
Project("{FAE04EC0-301F-11D3-BF4B-00C04F79EFBC}") = "NFinalModelGeneratorTest", "NFinalModelGeneratorTest\NFinalModelGeneratorTest.csproj", "{842237BB-D729-4A8C-9425-6239BB4C1BFA}"
EndProject
Project("{FAE04EC0-301F-11D3-BF4B-00C04F79EFBC}") = "NFinalRazorGeneratorTest", "NFinalRazorGeneratorTest\NFinalRazorGeneratorTest.csproj", "{7973DE19-0EFA-48DE-B3F4-728FAE348200}"
EndProject
Project("{FAE04EC0-301F-11D3-BF4B-00C04F79EFBC}") = "NFinalJsCssGenerator", "NFinalJsCssGenerator\NFinalJsCssGenerator.csproj", "{0D702E8F-3DB0-48BC-BAC4-99496718F4B7}"
EndProject
Project("{FAE04EC0-301F-11D3-BF4B-00C04F79EFBC}") = "NFinal.IO", "NFinal.IO\NFinal.IO.csproj", "{7FB75120-9005-418E-A270-877DDFC5151D}"
EndProject
Project("{FAE04EC0-301F-11D3-BF4B-00C04F79EFBC}") = "NFinal.Test", "NFinal.Test\NFinal.Test.csproj", "{6ED69F84-D0C8-48FD-B315-09A81273651E}"
EndProject
Project("{FAE04EC0-301F-11D3-BF4B-00C04F79EFBC}") = "CoreWebTest", "CoreWebTest\CoreWebTest.csproj", "{D33F2515-AB9E-4C71-A99B-FD0829F81345}"
EndProject
Project("{FAE04EC0-301F-11D3-BF4B-00C04F79EFBC}") = "NFinalServer", "NFinalServer\NFinalServer.csproj", "{631EAED7-E61A-49C0-8610-54B80E0A1D4C}"
EndProject
Project("{FAE04EC0-301F-11D3-BF4B-00C04F79EFBC}") = "NFinal4", "NFinal4\NFinal4.csproj", "{7413203C-3DF5-49E2-B678-DE2FBD174993}"
EndProject
Project("{FAE04EC0-301F-11D3-BF4B-00C04F79EFBC}") = "NFinal451", "NFinal451\NFinal451.csproj", "{224ACE80-BF43-4BE1-AEB6-C7B3945A6F1E}"
EndProject
Project("{FAE04EC0-301F-11D3-BF4B-00C04F79EFBC}") = "NFinal461", "NFinal461\NFinal461.csproj", "{C2E2C11B-DC8E-4960-8D1A-2F057646885F}"
EndProject
Project("{8BB2217D-0F2D-49D1-97BC-3654ED321F3B}") = "NFinalCore", "NFinal\NFinalCore.xproj", "{AB2413B0-A75C-4D05-B7EA-200FEC7F1597}"
EndProject
Global
	GlobalSection(SolutionConfigurationPlatforms) = preSolution
		Debug|Any CPU = Debug|Any CPU
		Debug|ARM = Debug|ARM
		Debug|x64 = Debug|x64
		Debug|x86 = Debug|x86
		MonoTouch|Any CPU = MonoTouch|Any CPU
		MonoTouch|ARM = MonoTouch|ARM
		MonoTouch|x64 = MonoTouch|x64
		MonoTouch|x86 = MonoTouch|x86
		Release|Any CPU = Release|Any CPU
		Release|ARM = Release|ARM
		Release|x64 = Release|x64
		Release|x86 = Release|x86
		Signed|Any CPU = Signed|Any CPU
		Signed|ARM = Signed|ARM
		Signed|x64 = Signed|x64
		Signed|x86 = Signed|x86
		STATIC_ONLY NO_EXPRESSIONS|Any CPU = STATIC_ONLY NO_EXPRESSIONS|Any CPU
		STATIC_ONLY NO_EXPRESSIONS|ARM = STATIC_ONLY NO_EXPRESSIONS|ARM
		STATIC_ONLY NO_EXPRESSIONS|x64 = STATIC_ONLY NO_EXPRESSIONS|x64
		STATIC_ONLY NO_EXPRESSIONS|x86 = STATIC_ONLY NO_EXPRESSIONS|x86
	EndGlobalSection
	GlobalSection(ProjectConfigurationPlatforms) = postSolution
		{54843699-C089-4FB5-B72C-6DC1E17D8107}.Debug|Any CPU.ActiveCfg = Debug|Any CPU
		{54843699-C089-4FB5-B72C-6DC1E17D8107}.Debug|Any CPU.Build.0 = Debug|Any CPU
		{54843699-C089-4FB5-B72C-6DC1E17D8107}.Debug|ARM.ActiveCfg = Debug|Any CPU
		{54843699-C089-4FB5-B72C-6DC1E17D8107}.Debug|ARM.Build.0 = Debug|Any CPU
		{54843699-C089-4FB5-B72C-6DC1E17D8107}.Debug|x64.ActiveCfg = Debug|Any CPU
		{54843699-C089-4FB5-B72C-6DC1E17D8107}.Debug|x64.Build.0 = Debug|Any CPU
		{54843699-C089-4FB5-B72C-6DC1E17D8107}.Debug|x86.ActiveCfg = Debug|Any CPU
		{54843699-C089-4FB5-B72C-6DC1E17D8107}.Debug|x86.Build.0 = Debug|Any CPU
		{54843699-C089-4FB5-B72C-6DC1E17D8107}.MonoTouch|Any CPU.ActiveCfg = Release|Any CPU
		{54843699-C089-4FB5-B72C-6DC1E17D8107}.MonoTouch|Any CPU.Build.0 = Release|Any CPU
		{54843699-C089-4FB5-B72C-6DC1E17D8107}.MonoTouch|ARM.ActiveCfg = Release|Any CPU
		{54843699-C089-4FB5-B72C-6DC1E17D8107}.MonoTouch|ARM.Build.0 = Release|Any CPU
		{54843699-C089-4FB5-B72C-6DC1E17D8107}.MonoTouch|x64.ActiveCfg = Release|Any CPU
		{54843699-C089-4FB5-B72C-6DC1E17D8107}.MonoTouch|x64.Build.0 = Release|Any CPU
		{54843699-C089-4FB5-B72C-6DC1E17D8107}.MonoTouch|x86.ActiveCfg = Release|Any CPU
		{54843699-C089-4FB5-B72C-6DC1E17D8107}.MonoTouch|x86.Build.0 = Release|Any CPU
		{54843699-C089-4FB5-B72C-6DC1E17D8107}.Release|Any CPU.ActiveCfg = Release|Any CPU
		{54843699-C089-4FB5-B72C-6DC1E17D8107}.Release|Any CPU.Build.0 = Release|Any CPU
		{54843699-C089-4FB5-B72C-6DC1E17D8107}.Release|ARM.ActiveCfg = Release|Any CPU
		{54843699-C089-4FB5-B72C-6DC1E17D8107}.Release|ARM.Build.0 = Release|Any CPU
		{54843699-C089-4FB5-B72C-6DC1E17D8107}.Release|x64.ActiveCfg = Release|Any CPU
		{54843699-C089-4FB5-B72C-6DC1E17D8107}.Release|x64.Build.0 = Release|Any CPU
		{54843699-C089-4FB5-B72C-6DC1E17D8107}.Release|x86.ActiveCfg = Release|Any CPU
		{54843699-C089-4FB5-B72C-6DC1E17D8107}.Release|x86.Build.0 = Release|Any CPU
		{54843699-C089-4FB5-B72C-6DC1E17D8107}.Signed|Any CPU.ActiveCfg = Release|Any CPU
		{54843699-C089-4FB5-B72C-6DC1E17D8107}.Signed|Any CPU.Build.0 = Release|Any CPU
		{54843699-C089-4FB5-B72C-6DC1E17D8107}.Signed|ARM.ActiveCfg = Release|Any CPU
		{54843699-C089-4FB5-B72C-6DC1E17D8107}.Signed|ARM.Build.0 = Release|Any CPU
		{54843699-C089-4FB5-B72C-6DC1E17D8107}.Signed|x64.ActiveCfg = Release|Any CPU
		{54843699-C089-4FB5-B72C-6DC1E17D8107}.Signed|x64.Build.0 = Release|Any CPU
		{54843699-C089-4FB5-B72C-6DC1E17D8107}.Signed|x86.ActiveCfg = Release|Any CPU
		{54843699-C089-4FB5-B72C-6DC1E17D8107}.Signed|x86.Build.0 = Release|Any CPU
		{54843699-C089-4FB5-B72C-6DC1E17D8107}.STATIC_ONLY NO_EXPRESSIONS|Any CPU.ActiveCfg = Release|Any CPU
		{54843699-C089-4FB5-B72C-6DC1E17D8107}.STATIC_ONLY NO_EXPRESSIONS|Any CPU.Build.0 = Release|Any CPU
		{54843699-C089-4FB5-B72C-6DC1E17D8107}.STATIC_ONLY NO_EXPRESSIONS|ARM.ActiveCfg = Release|Any CPU
		{54843699-C089-4FB5-B72C-6DC1E17D8107}.STATIC_ONLY NO_EXPRESSIONS|ARM.Build.0 = Release|Any CPU
		{54843699-C089-4FB5-B72C-6DC1E17D8107}.STATIC_ONLY NO_EXPRESSIONS|x64.ActiveCfg = Release|Any CPU
		{54843699-C089-4FB5-B72C-6DC1E17D8107}.STATIC_ONLY NO_EXPRESSIONS|x64.Build.0 = Release|Any CPU
		{54843699-C089-4FB5-B72C-6DC1E17D8107}.STATIC_ONLY NO_EXPRESSIONS|x86.ActiveCfg = Release|Any CPU
		{54843699-C089-4FB5-B72C-6DC1E17D8107}.STATIC_ONLY NO_EXPRESSIONS|x86.Build.0 = Release|Any CPU
		{26B51552-007D-42EA-9EB8-5B57308427E1}.Debug|Any CPU.ActiveCfg = Debug|Any CPU
		{26B51552-007D-42EA-9EB8-5B57308427E1}.Debug|Any CPU.Build.0 = Debug|Any CPU
		{26B51552-007D-42EA-9EB8-5B57308427E1}.Debug|ARM.ActiveCfg = Debug|Any CPU
		{26B51552-007D-42EA-9EB8-5B57308427E1}.Debug|ARM.Build.0 = Debug|Any CPU
		{26B51552-007D-42EA-9EB8-5B57308427E1}.Debug|x64.ActiveCfg = Debug|Any CPU
		{26B51552-007D-42EA-9EB8-5B57308427E1}.Debug|x64.Build.0 = Debug|Any CPU
		{26B51552-007D-42EA-9EB8-5B57308427E1}.Debug|x86.ActiveCfg = Debug|Any CPU
		{26B51552-007D-42EA-9EB8-5B57308427E1}.Debug|x86.Build.0 = Debug|Any CPU
		{26B51552-007D-42EA-9EB8-5B57308427E1}.MonoTouch|Any CPU.ActiveCfg = Release|Any CPU
		{26B51552-007D-42EA-9EB8-5B57308427E1}.MonoTouch|Any CPU.Build.0 = Release|Any CPU
		{26B51552-007D-42EA-9EB8-5B57308427E1}.MonoTouch|ARM.ActiveCfg = Release|Any CPU
		{26B51552-007D-42EA-9EB8-5B57308427E1}.MonoTouch|ARM.Build.0 = Release|Any CPU
		{26B51552-007D-42EA-9EB8-5B57308427E1}.MonoTouch|x64.ActiveCfg = Release|Any CPU
		{26B51552-007D-42EA-9EB8-5B57308427E1}.MonoTouch|x64.Build.0 = Release|Any CPU
		{26B51552-007D-42EA-9EB8-5B57308427E1}.MonoTouch|x86.ActiveCfg = Release|Any CPU
		{26B51552-007D-42EA-9EB8-5B57308427E1}.MonoTouch|x86.Build.0 = Release|Any CPU
		{26B51552-007D-42EA-9EB8-5B57308427E1}.Release|Any CPU.ActiveCfg = Release|Any CPU
		{26B51552-007D-42EA-9EB8-5B57308427E1}.Release|Any CPU.Build.0 = Release|Any CPU
		{26B51552-007D-42EA-9EB8-5B57308427E1}.Release|ARM.ActiveCfg = Release|Any CPU
		{26B51552-007D-42EA-9EB8-5B57308427E1}.Release|ARM.Build.0 = Release|Any CPU
		{26B51552-007D-42EA-9EB8-5B57308427E1}.Release|x64.ActiveCfg = Release|Any CPU
		{26B51552-007D-42EA-9EB8-5B57308427E1}.Release|x64.Build.0 = Release|Any CPU
		{26B51552-007D-42EA-9EB8-5B57308427E1}.Release|x86.ActiveCfg = Release|Any CPU
		{26B51552-007D-42EA-9EB8-5B57308427E1}.Release|x86.Build.0 = Release|Any CPU
		{26B51552-007D-42EA-9EB8-5B57308427E1}.Signed|Any CPU.ActiveCfg = Release|Any CPU
		{26B51552-007D-42EA-9EB8-5B57308427E1}.Signed|Any CPU.Build.0 = Release|Any CPU
		{26B51552-007D-42EA-9EB8-5B57308427E1}.Signed|ARM.ActiveCfg = Release|Any CPU
		{26B51552-007D-42EA-9EB8-5B57308427E1}.Signed|ARM.Build.0 = Release|Any CPU
		{26B51552-007D-42EA-9EB8-5B57308427E1}.Signed|x64.ActiveCfg = Release|Any CPU
		{26B51552-007D-42EA-9EB8-5B57308427E1}.Signed|x64.Build.0 = Release|Any CPU
		{26B51552-007D-42EA-9EB8-5B57308427E1}.Signed|x86.ActiveCfg = Release|Any CPU
		{26B51552-007D-42EA-9EB8-5B57308427E1}.Signed|x86.Build.0 = Release|Any CPU
		{26B51552-007D-42EA-9EB8-5B57308427E1}.STATIC_ONLY NO_EXPRESSIONS|Any CPU.ActiveCfg = Release|Any CPU
		{26B51552-007D-42EA-9EB8-5B57308427E1}.STATIC_ONLY NO_EXPRESSIONS|Any CPU.Build.0 = Release|Any CPU
		{26B51552-007D-42EA-9EB8-5B57308427E1}.STATIC_ONLY NO_EXPRESSIONS|ARM.ActiveCfg = Release|Any CPU
		{26B51552-007D-42EA-9EB8-5B57308427E1}.STATIC_ONLY NO_EXPRESSIONS|ARM.Build.0 = Release|Any CPU
		{26B51552-007D-42EA-9EB8-5B57308427E1}.STATIC_ONLY NO_EXPRESSIONS|x64.ActiveCfg = Release|Any CPU
		{26B51552-007D-42EA-9EB8-5B57308427E1}.STATIC_ONLY NO_EXPRESSIONS|x64.Build.0 = Release|Any CPU
		{26B51552-007D-42EA-9EB8-5B57308427E1}.STATIC_ONLY NO_EXPRESSIONS|x86.ActiveCfg = Release|Any CPU
		{26B51552-007D-42EA-9EB8-5B57308427E1}.STATIC_ONLY NO_EXPRESSIONS|x86.Build.0 = Release|Any CPU
		{B731F5C8-D86E-4350-8173-0128EA8B077D}.Debug|Any CPU.ActiveCfg = Debug|Any CPU
		{B731F5C8-D86E-4350-8173-0128EA8B077D}.Debug|Any CPU.Build.0 = Debug|Any CPU
		{B731F5C8-D86E-4350-8173-0128EA8B077D}.Debug|ARM.ActiveCfg = Debug|Any CPU
		{B731F5C8-D86E-4350-8173-0128EA8B077D}.Debug|ARM.Build.0 = Debug|Any CPU
		{B731F5C8-D86E-4350-8173-0128EA8B077D}.Debug|x64.ActiveCfg = Debug|Any CPU
		{B731F5C8-D86E-4350-8173-0128EA8B077D}.Debug|x64.Build.0 = Debug|Any CPU
		{B731F5C8-D86E-4350-8173-0128EA8B077D}.Debug|x86.ActiveCfg = Debug|Any CPU
		{B731F5C8-D86E-4350-8173-0128EA8B077D}.Debug|x86.Build.0 = Debug|Any CPU
		{B731F5C8-D86E-4350-8173-0128EA8B077D}.MonoTouch|Any CPU.ActiveCfg = Release|Any CPU
		{B731F5C8-D86E-4350-8173-0128EA8B077D}.MonoTouch|Any CPU.Build.0 = Release|Any CPU
		{B731F5C8-D86E-4350-8173-0128EA8B077D}.MonoTouch|ARM.ActiveCfg = Release|Any CPU
		{B731F5C8-D86E-4350-8173-0128EA8B077D}.MonoTouch|ARM.Build.0 = Release|Any CPU
		{B731F5C8-D86E-4350-8173-0128EA8B077D}.MonoTouch|x64.ActiveCfg = Release|Any CPU
		{B731F5C8-D86E-4350-8173-0128EA8B077D}.MonoTouch|x64.Build.0 = Release|Any CPU
		{B731F5C8-D86E-4350-8173-0128EA8B077D}.MonoTouch|x86.ActiveCfg = Release|Any CPU
		{B731F5C8-D86E-4350-8173-0128EA8B077D}.MonoTouch|x86.Build.0 = Release|Any CPU
		{B731F5C8-D86E-4350-8173-0128EA8B077D}.Release|Any CPU.ActiveCfg = Release|Any CPU
		{B731F5C8-D86E-4350-8173-0128EA8B077D}.Release|Any CPU.Build.0 = Release|Any CPU
		{B731F5C8-D86E-4350-8173-0128EA8B077D}.Release|ARM.ActiveCfg = Release|Any CPU
		{B731F5C8-D86E-4350-8173-0128EA8B077D}.Release|ARM.Build.0 = Release|Any CPU
		{B731F5C8-D86E-4350-8173-0128EA8B077D}.Release|x64.ActiveCfg = Release|Any CPU
		{B731F5C8-D86E-4350-8173-0128EA8B077D}.Release|x64.Build.0 = Release|Any CPU
		{B731F5C8-D86E-4350-8173-0128EA8B077D}.Release|x86.ActiveCfg = Release|Any CPU
		{B731F5C8-D86E-4350-8173-0128EA8B077D}.Release|x86.Build.0 = Release|Any CPU
		{B731F5C8-D86E-4350-8173-0128EA8B077D}.Signed|Any CPU.ActiveCfg = Release|Any CPU
		{B731F5C8-D86E-4350-8173-0128EA8B077D}.Signed|Any CPU.Build.0 = Release|Any CPU
		{B731F5C8-D86E-4350-8173-0128EA8B077D}.Signed|ARM.ActiveCfg = Release|Any CPU
		{B731F5C8-D86E-4350-8173-0128EA8B077D}.Signed|ARM.Build.0 = Release|Any CPU
		{B731F5C8-D86E-4350-8173-0128EA8B077D}.Signed|x64.ActiveCfg = Release|Any CPU
		{B731F5C8-D86E-4350-8173-0128EA8B077D}.Signed|x64.Build.0 = Release|Any CPU
		{B731F5C8-D86E-4350-8173-0128EA8B077D}.Signed|x86.ActiveCfg = Release|Any CPU
		{B731F5C8-D86E-4350-8173-0128EA8B077D}.Signed|x86.Build.0 = Release|Any CPU
		{B731F5C8-D86E-4350-8173-0128EA8B077D}.STATIC_ONLY NO_EXPRESSIONS|Any CPU.ActiveCfg = Release|Any CPU
		{B731F5C8-D86E-4350-8173-0128EA8B077D}.STATIC_ONLY NO_EXPRESSIONS|Any CPU.Build.0 = Release|Any CPU
		{B731F5C8-D86E-4350-8173-0128EA8B077D}.STATIC_ONLY NO_EXPRESSIONS|ARM.ActiveCfg = Release|Any CPU
		{B731F5C8-D86E-4350-8173-0128EA8B077D}.STATIC_ONLY NO_EXPRESSIONS|ARM.Build.0 = Release|Any CPU
		{B731F5C8-D86E-4350-8173-0128EA8B077D}.STATIC_ONLY NO_EXPRESSIONS|x64.ActiveCfg = Release|Any CPU
		{B731F5C8-D86E-4350-8173-0128EA8B077D}.STATIC_ONLY NO_EXPRESSIONS|x64.Build.0 = Release|Any CPU
		{B731F5C8-D86E-4350-8173-0128EA8B077D}.STATIC_ONLY NO_EXPRESSIONS|x86.ActiveCfg = Release|Any CPU
		{B731F5C8-D86E-4350-8173-0128EA8B077D}.STATIC_ONLY NO_EXPRESSIONS|x86.Build.0 = Release|Any CPU
		{679C00AB-805D-486D-A7CA-7D0B4B235A16}.Debug|Any CPU.ActiveCfg = Debug|Any CPU
		{679C00AB-805D-486D-A7CA-7D0B4B235A16}.Debug|Any CPU.Build.0 = Debug|Any CPU
		{679C00AB-805D-486D-A7CA-7D0B4B235A16}.Debug|ARM.ActiveCfg = Debug|Any CPU
		{679C00AB-805D-486D-A7CA-7D0B4B235A16}.Debug|ARM.Build.0 = Debug|Any CPU
		{679C00AB-805D-486D-A7CA-7D0B4B235A16}.Debug|x64.ActiveCfg = Debug|Any CPU
		{679C00AB-805D-486D-A7CA-7D0B4B235A16}.Debug|x64.Build.0 = Debug|Any CPU
		{679C00AB-805D-486D-A7CA-7D0B4B235A16}.Debug|x86.ActiveCfg = Debug|Any CPU
		{679C00AB-805D-486D-A7CA-7D0B4B235A16}.Debug|x86.Build.0 = Debug|Any CPU
		{679C00AB-805D-486D-A7CA-7D0B4B235A16}.MonoTouch|Any CPU.ActiveCfg = Release|Any CPU
		{679C00AB-805D-486D-A7CA-7D0B4B235A16}.MonoTouch|Any CPU.Build.0 = Release|Any CPU
		{679C00AB-805D-486D-A7CA-7D0B4B235A16}.MonoTouch|ARM.ActiveCfg = Release|Any CPU
		{679C00AB-805D-486D-A7CA-7D0B4B235A16}.MonoTouch|ARM.Build.0 = Release|Any CPU
		{679C00AB-805D-486D-A7CA-7D0B4B235A16}.MonoTouch|x64.ActiveCfg = Release|Any CPU
		{679C00AB-805D-486D-A7CA-7D0B4B235A16}.MonoTouch|x64.Build.0 = Release|Any CPU
		{679C00AB-805D-486D-A7CA-7D0B4B235A16}.MonoTouch|x86.ActiveCfg = Release|Any CPU
		{679C00AB-805D-486D-A7CA-7D0B4B235A16}.MonoTouch|x86.Build.0 = Release|Any CPU
		{679C00AB-805D-486D-A7CA-7D0B4B235A16}.Release|Any CPU.ActiveCfg = Release|Any CPU
		{679C00AB-805D-486D-A7CA-7D0B4B235A16}.Release|Any CPU.Build.0 = Release|Any CPU
		{679C00AB-805D-486D-A7CA-7D0B4B235A16}.Release|ARM.ActiveCfg = Release|Any CPU
		{679C00AB-805D-486D-A7CA-7D0B4B235A16}.Release|ARM.Build.0 = Release|Any CPU
		{679C00AB-805D-486D-A7CA-7D0B4B235A16}.Release|x64.ActiveCfg = Release|Any CPU
		{679C00AB-805D-486D-A7CA-7D0B4B235A16}.Release|x64.Build.0 = Release|Any CPU
		{679C00AB-805D-486D-A7CA-7D0B4B235A16}.Release|x86.ActiveCfg = Release|Any CPU
		{679C00AB-805D-486D-A7CA-7D0B4B235A16}.Release|x86.Build.0 = Release|Any CPU
		{679C00AB-805D-486D-A7CA-7D0B4B235A16}.Signed|Any CPU.ActiveCfg = Release|Any CPU
		{679C00AB-805D-486D-A7CA-7D0B4B235A16}.Signed|Any CPU.Build.0 = Release|Any CPU
		{679C00AB-805D-486D-A7CA-7D0B4B235A16}.Signed|ARM.ActiveCfg = Release|Any CPU
		{679C00AB-805D-486D-A7CA-7D0B4B235A16}.Signed|ARM.Build.0 = Release|Any CPU
		{679C00AB-805D-486D-A7CA-7D0B4B235A16}.Signed|x64.ActiveCfg = Release|Any CPU
		{679C00AB-805D-486D-A7CA-7D0B4B235A16}.Signed|x64.Build.0 = Release|Any CPU
		{679C00AB-805D-486D-A7CA-7D0B4B235A16}.Signed|x86.ActiveCfg = Release|Any CPU
		{679C00AB-805D-486D-A7CA-7D0B4B235A16}.Signed|x86.Build.0 = Release|Any CPU
		{679C00AB-805D-486D-A7CA-7D0B4B235A16}.STATIC_ONLY NO_EXPRESSIONS|Any CPU.ActiveCfg = Release|Any CPU
		{679C00AB-805D-486D-A7CA-7D0B4B235A16}.STATIC_ONLY NO_EXPRESSIONS|Any CPU.Build.0 = Release|Any CPU
		{679C00AB-805D-486D-A7CA-7D0B4B235A16}.STATIC_ONLY NO_EXPRESSIONS|ARM.ActiveCfg = Release|Any CPU
		{679C00AB-805D-486D-A7CA-7D0B4B235A16}.STATIC_ONLY NO_EXPRESSIONS|ARM.Build.0 = Release|Any CPU
		{679C00AB-805D-486D-A7CA-7D0B4B235A16}.STATIC_ONLY NO_EXPRESSIONS|x64.ActiveCfg = Release|Any CPU
		{679C00AB-805D-486D-A7CA-7D0B4B235A16}.STATIC_ONLY NO_EXPRESSIONS|x64.Build.0 = Release|Any CPU
		{679C00AB-805D-486D-A7CA-7D0B4B235A16}.STATIC_ONLY NO_EXPRESSIONS|x86.ActiveCfg = Release|Any CPU
		{679C00AB-805D-486D-A7CA-7D0B4B235A16}.STATIC_ONLY NO_EXPRESSIONS|x86.Build.0 = Release|Any CPU
		{E7273AA7-80D2-43F5-8519-44060302C0D0}.Debug|Any CPU.ActiveCfg = Debug|Any CPU
		{E7273AA7-80D2-43F5-8519-44060302C0D0}.Debug|Any CPU.Build.0 = Debug|Any CPU
		{E7273AA7-80D2-43F5-8519-44060302C0D0}.Debug|ARM.ActiveCfg = Debug|Any CPU
		{E7273AA7-80D2-43F5-8519-44060302C0D0}.Debug|ARM.Build.0 = Debug|Any CPU
		{E7273AA7-80D2-43F5-8519-44060302C0D0}.Debug|x64.ActiveCfg = Debug|Any CPU
		{E7273AA7-80D2-43F5-8519-44060302C0D0}.Debug|x64.Build.0 = Debug|Any CPU
		{E7273AA7-80D2-43F5-8519-44060302C0D0}.Debug|x86.ActiveCfg = Debug|Any CPU
		{E7273AA7-80D2-43F5-8519-44060302C0D0}.Debug|x86.Build.0 = Debug|Any CPU
		{E7273AA7-80D2-43F5-8519-44060302C0D0}.MonoTouch|Any CPU.ActiveCfg = Release|Any CPU
		{E7273AA7-80D2-43F5-8519-44060302C0D0}.MonoTouch|Any CPU.Build.0 = Release|Any CPU
		{E7273AA7-80D2-43F5-8519-44060302C0D0}.MonoTouch|ARM.ActiveCfg = Release|Any CPU
		{E7273AA7-80D2-43F5-8519-44060302C0D0}.MonoTouch|ARM.Build.0 = Release|Any CPU
		{E7273AA7-80D2-43F5-8519-44060302C0D0}.MonoTouch|x64.ActiveCfg = Release|Any CPU
		{E7273AA7-80D2-43F5-8519-44060302C0D0}.MonoTouch|x64.Build.0 = Release|Any CPU
		{E7273AA7-80D2-43F5-8519-44060302C0D0}.MonoTouch|x86.ActiveCfg = Release|Any CPU
		{E7273AA7-80D2-43F5-8519-44060302C0D0}.MonoTouch|x86.Build.0 = Release|Any CPU
		{E7273AA7-80D2-43F5-8519-44060302C0D0}.Release|Any CPU.ActiveCfg = Release|Any CPU
		{E7273AA7-80D2-43F5-8519-44060302C0D0}.Release|Any CPU.Build.0 = Release|Any CPU
		{E7273AA7-80D2-43F5-8519-44060302C0D0}.Release|ARM.ActiveCfg = Release|Any CPU
		{E7273AA7-80D2-43F5-8519-44060302C0D0}.Release|ARM.Build.0 = Release|Any CPU
		{E7273AA7-80D2-43F5-8519-44060302C0D0}.Release|x64.ActiveCfg = Release|Any CPU
		{E7273AA7-80D2-43F5-8519-44060302C0D0}.Release|x64.Build.0 = Release|Any CPU
		{E7273AA7-80D2-43F5-8519-44060302C0D0}.Release|x86.ActiveCfg = Release|Any CPU
		{E7273AA7-80D2-43F5-8519-44060302C0D0}.Release|x86.Build.0 = Release|Any CPU
		{E7273AA7-80D2-43F5-8519-44060302C0D0}.Signed|Any CPU.ActiveCfg = Release|Any CPU
		{E7273AA7-80D2-43F5-8519-44060302C0D0}.Signed|Any CPU.Build.0 = Release|Any CPU
		{E7273AA7-80D2-43F5-8519-44060302C0D0}.Signed|ARM.ActiveCfg = Release|Any CPU
		{E7273AA7-80D2-43F5-8519-44060302C0D0}.Signed|ARM.Build.0 = Release|Any CPU
		{E7273AA7-80D2-43F5-8519-44060302C0D0}.Signed|x64.ActiveCfg = Release|Any CPU
		{E7273AA7-80D2-43F5-8519-44060302C0D0}.Signed|x64.Build.0 = Release|Any CPU
		{E7273AA7-80D2-43F5-8519-44060302C0D0}.Signed|x86.ActiveCfg = Release|Any CPU
		{E7273AA7-80D2-43F5-8519-44060302C0D0}.Signed|x86.Build.0 = Release|Any CPU
		{E7273AA7-80D2-43F5-8519-44060302C0D0}.STATIC_ONLY NO_EXPRESSIONS|Any CPU.ActiveCfg = Release|Any CPU
		{E7273AA7-80D2-43F5-8519-44060302C0D0}.STATIC_ONLY NO_EXPRESSIONS|Any CPU.Build.0 = Release|Any CPU
		{E7273AA7-80D2-43F5-8519-44060302C0D0}.STATIC_ONLY NO_EXPRESSIONS|ARM.ActiveCfg = Release|Any CPU
		{E7273AA7-80D2-43F5-8519-44060302C0D0}.STATIC_ONLY NO_EXPRESSIONS|ARM.Build.0 = Release|Any CPU
		{E7273AA7-80D2-43F5-8519-44060302C0D0}.STATIC_ONLY NO_EXPRESSIONS|x64.ActiveCfg = Release|Any CPU
		{E7273AA7-80D2-43F5-8519-44060302C0D0}.STATIC_ONLY NO_EXPRESSIONS|x64.Build.0 = Release|Any CPU
		{E7273AA7-80D2-43F5-8519-44060302C0D0}.STATIC_ONLY NO_EXPRESSIONS|x86.ActiveCfg = Release|Any CPU
		{E7273AA7-80D2-43F5-8519-44060302C0D0}.STATIC_ONLY NO_EXPRESSIONS|x86.Build.0 = Release|Any CPU
		{DFCC37D0-6AEB-4F01-A4D7-E95F85AAC4FE}.Debug|Any CPU.ActiveCfg = Debug|Any CPU
		{DFCC37D0-6AEB-4F01-A4D7-E95F85AAC4FE}.Debug|Any CPU.Build.0 = Debug|Any CPU
		{DFCC37D0-6AEB-4F01-A4D7-E95F85AAC4FE}.Debug|ARM.ActiveCfg = Debug|Any CPU
		{DFCC37D0-6AEB-4F01-A4D7-E95F85AAC4FE}.Debug|ARM.Build.0 = Debug|Any CPU
		{DFCC37D0-6AEB-4F01-A4D7-E95F85AAC4FE}.Debug|x64.ActiveCfg = Debug|Any CPU
		{DFCC37D0-6AEB-4F01-A4D7-E95F85AAC4FE}.Debug|x64.Build.0 = Debug|Any CPU
		{DFCC37D0-6AEB-4F01-A4D7-E95F85AAC4FE}.Debug|x86.ActiveCfg = Debug|Any CPU
		{DFCC37D0-6AEB-4F01-A4D7-E95F85AAC4FE}.Debug|x86.Build.0 = Debug|Any CPU
		{DFCC37D0-6AEB-4F01-A4D7-E95F85AAC4FE}.MonoTouch|Any CPU.ActiveCfg = Release|Any CPU
		{DFCC37D0-6AEB-4F01-A4D7-E95F85AAC4FE}.MonoTouch|Any CPU.Build.0 = Release|Any CPU
		{DFCC37D0-6AEB-4F01-A4D7-E95F85AAC4FE}.MonoTouch|ARM.ActiveCfg = Release|Any CPU
		{DFCC37D0-6AEB-4F01-A4D7-E95F85AAC4FE}.MonoTouch|ARM.Build.0 = Release|Any CPU
		{DFCC37D0-6AEB-4F01-A4D7-E95F85AAC4FE}.MonoTouch|x64.ActiveCfg = Release|Any CPU
		{DFCC37D0-6AEB-4F01-A4D7-E95F85AAC4FE}.MonoTouch|x64.Build.0 = Release|Any CPU
		{DFCC37D0-6AEB-4F01-A4D7-E95F85AAC4FE}.MonoTouch|x86.ActiveCfg = Release|Any CPU
		{DFCC37D0-6AEB-4F01-A4D7-E95F85AAC4FE}.MonoTouch|x86.Build.0 = Release|Any CPU
		{DFCC37D0-6AEB-4F01-A4D7-E95F85AAC4FE}.Release|Any CPU.ActiveCfg = Release|Any CPU
		{DFCC37D0-6AEB-4F01-A4D7-E95F85AAC4FE}.Release|Any CPU.Build.0 = Release|Any CPU
		{DFCC37D0-6AEB-4F01-A4D7-E95F85AAC4FE}.Release|ARM.ActiveCfg = Release|Any CPU
		{DFCC37D0-6AEB-4F01-A4D7-E95F85AAC4FE}.Release|ARM.Build.0 = Release|Any CPU
		{DFCC37D0-6AEB-4F01-A4D7-E95F85AAC4FE}.Release|x64.ActiveCfg = Release|Any CPU
		{DFCC37D0-6AEB-4F01-A4D7-E95F85AAC4FE}.Release|x64.Build.0 = Release|Any CPU
		{DFCC37D0-6AEB-4F01-A4D7-E95F85AAC4FE}.Release|x86.ActiveCfg = Release|Any CPU
		{DFCC37D0-6AEB-4F01-A4D7-E95F85AAC4FE}.Release|x86.Build.0 = Release|Any CPU
		{DFCC37D0-6AEB-4F01-A4D7-E95F85AAC4FE}.Signed|Any CPU.ActiveCfg = Release|Any CPU
		{DFCC37D0-6AEB-4F01-A4D7-E95F85AAC4FE}.Signed|Any CPU.Build.0 = Release|Any CPU
		{DFCC37D0-6AEB-4F01-A4D7-E95F85AAC4FE}.Signed|ARM.ActiveCfg = Release|Any CPU
		{DFCC37D0-6AEB-4F01-A4D7-E95F85AAC4FE}.Signed|ARM.Build.0 = Release|Any CPU
		{DFCC37D0-6AEB-4F01-A4D7-E95F85AAC4FE}.Signed|x64.ActiveCfg = Release|Any CPU
		{DFCC37D0-6AEB-4F01-A4D7-E95F85AAC4FE}.Signed|x64.Build.0 = Release|Any CPU
		{DFCC37D0-6AEB-4F01-A4D7-E95F85AAC4FE}.Signed|x86.ActiveCfg = Release|Any CPU
		{DFCC37D0-6AEB-4F01-A4D7-E95F85AAC4FE}.Signed|x86.Build.0 = Release|Any CPU
		{DFCC37D0-6AEB-4F01-A4D7-E95F85AAC4FE}.STATIC_ONLY NO_EXPRESSIONS|Any CPU.ActiveCfg = Release|Any CPU
		{DFCC37D0-6AEB-4F01-A4D7-E95F85AAC4FE}.STATIC_ONLY NO_EXPRESSIONS|Any CPU.Build.0 = Release|Any CPU
		{DFCC37D0-6AEB-4F01-A4D7-E95F85AAC4FE}.STATIC_ONLY NO_EXPRESSIONS|ARM.ActiveCfg = Release|Any CPU
		{DFCC37D0-6AEB-4F01-A4D7-E95F85AAC4FE}.STATIC_ONLY NO_EXPRESSIONS|ARM.Build.0 = Release|Any CPU
		{DFCC37D0-6AEB-4F01-A4D7-E95F85AAC4FE}.STATIC_ONLY NO_EXPRESSIONS|x64.ActiveCfg = Release|Any CPU
		{DFCC37D0-6AEB-4F01-A4D7-E95F85AAC4FE}.STATIC_ONLY NO_EXPRESSIONS|x64.Build.0 = Release|Any CPU
		{DFCC37D0-6AEB-4F01-A4D7-E95F85AAC4FE}.STATIC_ONLY NO_EXPRESSIONS|x86.ActiveCfg = Release|Any CPU
		{DFCC37D0-6AEB-4F01-A4D7-E95F85AAC4FE}.STATIC_ONLY NO_EXPRESSIONS|x86.Build.0 = Release|Any CPU
		{3236D499-CEBD-4295-9635-0C4DF7D7CAC1}.Debug|Any CPU.ActiveCfg = Debug|Any CPU
		{3236D499-CEBD-4295-9635-0C4DF7D7CAC1}.Debug|Any CPU.Build.0 = Debug|Any CPU
		{3236D499-CEBD-4295-9635-0C4DF7D7CAC1}.Debug|ARM.ActiveCfg = Debug|Any CPU
		{3236D499-CEBD-4295-9635-0C4DF7D7CAC1}.Debug|ARM.Build.0 = Debug|Any CPU
		{3236D499-CEBD-4295-9635-0C4DF7D7CAC1}.Debug|x64.ActiveCfg = Debug|Any CPU
		{3236D499-CEBD-4295-9635-0C4DF7D7CAC1}.Debug|x64.Build.0 = Debug|Any CPU
		{3236D499-CEBD-4295-9635-0C4DF7D7CAC1}.Debug|x86.ActiveCfg = Debug|Any CPU
		{3236D499-CEBD-4295-9635-0C4DF7D7CAC1}.Debug|x86.Build.0 = Debug|Any CPU
		{3236D499-CEBD-4295-9635-0C4DF7D7CAC1}.MonoTouch|Any CPU.ActiveCfg = Release|Any CPU
		{3236D499-CEBD-4295-9635-0C4DF7D7CAC1}.MonoTouch|Any CPU.Build.0 = Release|Any CPU
		{3236D499-CEBD-4295-9635-0C4DF7D7CAC1}.MonoTouch|ARM.ActiveCfg = Release|Any CPU
		{3236D499-CEBD-4295-9635-0C4DF7D7CAC1}.MonoTouch|ARM.Build.0 = Release|Any CPU
		{3236D499-CEBD-4295-9635-0C4DF7D7CAC1}.MonoTouch|x64.ActiveCfg = Release|Any CPU
		{3236D499-CEBD-4295-9635-0C4DF7D7CAC1}.MonoTouch|x64.Build.0 = Release|Any CPU
		{3236D499-CEBD-4295-9635-0C4DF7D7CAC1}.MonoTouch|x86.ActiveCfg = Release|Any CPU
		{3236D499-CEBD-4295-9635-0C4DF7D7CAC1}.MonoTouch|x86.Build.0 = Release|Any CPU
		{3236D499-CEBD-4295-9635-0C4DF7D7CAC1}.Release|Any CPU.ActiveCfg = Release|Any CPU
		{3236D499-CEBD-4295-9635-0C4DF7D7CAC1}.Release|Any CPU.Build.0 = Release|Any CPU
		{3236D499-CEBD-4295-9635-0C4DF7D7CAC1}.Release|ARM.ActiveCfg = Release|Any CPU
		{3236D499-CEBD-4295-9635-0C4DF7D7CAC1}.Release|ARM.Build.0 = Release|Any CPU
		{3236D499-CEBD-4295-9635-0C4DF7D7CAC1}.Release|x64.ActiveCfg = Release|Any CPU
		{3236D499-CEBD-4295-9635-0C4DF7D7CAC1}.Release|x64.Build.0 = Release|Any CPU
		{3236D499-CEBD-4295-9635-0C4DF7D7CAC1}.Release|x86.ActiveCfg = Release|Any CPU
		{3236D499-CEBD-4295-9635-0C4DF7D7CAC1}.Release|x86.Build.0 = Release|Any CPU
		{3236D499-CEBD-4295-9635-0C4DF7D7CAC1}.Signed|Any CPU.ActiveCfg = Release|Any CPU
		{3236D499-CEBD-4295-9635-0C4DF7D7CAC1}.Signed|Any CPU.Build.0 = Release|Any CPU
		{3236D499-CEBD-4295-9635-0C4DF7D7CAC1}.Signed|ARM.ActiveCfg = Release|Any CPU
		{3236D499-CEBD-4295-9635-0C4DF7D7CAC1}.Signed|ARM.Build.0 = Release|Any CPU
		{3236D499-CEBD-4295-9635-0C4DF7D7CAC1}.Signed|x64.ActiveCfg = Release|Any CPU
		{3236D499-CEBD-4295-9635-0C4DF7D7CAC1}.Signed|x64.Build.0 = Release|Any CPU
		{3236D499-CEBD-4295-9635-0C4DF7D7CAC1}.Signed|x86.ActiveCfg = Release|Any CPU
		{3236D499-CEBD-4295-9635-0C4DF7D7CAC1}.Signed|x86.Build.0 = Release|Any CPU
		{3236D499-CEBD-4295-9635-0C4DF7D7CAC1}.STATIC_ONLY NO_EXPRESSIONS|Any CPU.ActiveCfg = Release|Any CPU
		{3236D499-CEBD-4295-9635-0C4DF7D7CAC1}.STATIC_ONLY NO_EXPRESSIONS|Any CPU.Build.0 = Release|Any CPU
		{3236D499-CEBD-4295-9635-0C4DF7D7CAC1}.STATIC_ONLY NO_EXPRESSIONS|ARM.ActiveCfg = Release|Any CPU
		{3236D499-CEBD-4295-9635-0C4DF7D7CAC1}.STATIC_ONLY NO_EXPRESSIONS|ARM.Build.0 = Release|Any CPU
		{3236D499-CEBD-4295-9635-0C4DF7D7CAC1}.STATIC_ONLY NO_EXPRESSIONS|x64.ActiveCfg = Release|Any CPU
		{3236D499-CEBD-4295-9635-0C4DF7D7CAC1}.STATIC_ONLY NO_EXPRESSIONS|x64.Build.0 = Release|Any CPU
		{3236D499-CEBD-4295-9635-0C4DF7D7CAC1}.STATIC_ONLY NO_EXPRESSIONS|x86.ActiveCfg = Release|Any CPU
		{3236D499-CEBD-4295-9635-0C4DF7D7CAC1}.STATIC_ONLY NO_EXPRESSIONS|x86.Build.0 = Release|Any CPU
		{96BFE3E8-2519-4252-91F1-951699C28A64}.Debug|Any CPU.ActiveCfg = Debug|Any CPU
		{96BFE3E8-2519-4252-91F1-951699C28A64}.Debug|Any CPU.Build.0 = Debug|Any CPU
		{96BFE3E8-2519-4252-91F1-951699C28A64}.Debug|ARM.ActiveCfg = Debug|Any CPU
		{96BFE3E8-2519-4252-91F1-951699C28A64}.Debug|ARM.Build.0 = Debug|Any CPU
		{96BFE3E8-2519-4252-91F1-951699C28A64}.Debug|x64.ActiveCfg = Debug|Any CPU
		{96BFE3E8-2519-4252-91F1-951699C28A64}.Debug|x64.Build.0 = Debug|Any CPU
		{96BFE3E8-2519-4252-91F1-951699C28A64}.Debug|x86.ActiveCfg = Debug|Any CPU
		{96BFE3E8-2519-4252-91F1-951699C28A64}.Debug|x86.Build.0 = Debug|Any CPU
		{96BFE3E8-2519-4252-91F1-951699C28A64}.MonoTouch|Any CPU.ActiveCfg = Release|Any CPU
		{96BFE3E8-2519-4252-91F1-951699C28A64}.MonoTouch|Any CPU.Build.0 = Release|Any CPU
		{96BFE3E8-2519-4252-91F1-951699C28A64}.MonoTouch|ARM.ActiveCfg = Release|Any CPU
		{96BFE3E8-2519-4252-91F1-951699C28A64}.MonoTouch|ARM.Build.0 = Release|Any CPU
		{96BFE3E8-2519-4252-91F1-951699C28A64}.MonoTouch|x64.ActiveCfg = Release|Any CPU
		{96BFE3E8-2519-4252-91F1-951699C28A64}.MonoTouch|x64.Build.0 = Release|Any CPU
		{96BFE3E8-2519-4252-91F1-951699C28A64}.MonoTouch|x86.ActiveCfg = Release|Any CPU
		{96BFE3E8-2519-4252-91F1-951699C28A64}.MonoTouch|x86.Build.0 = Release|Any CPU
		{96BFE3E8-2519-4252-91F1-951699C28A64}.Release|Any CPU.ActiveCfg = Release|Any CPU
		{96BFE3E8-2519-4252-91F1-951699C28A64}.Release|Any CPU.Build.0 = Release|Any CPU
		{96BFE3E8-2519-4252-91F1-951699C28A64}.Release|ARM.ActiveCfg = Release|Any CPU
		{96BFE3E8-2519-4252-91F1-951699C28A64}.Release|ARM.Build.0 = Release|Any CPU
		{96BFE3E8-2519-4252-91F1-951699C28A64}.Release|x64.ActiveCfg = Release|Any CPU
		{96BFE3E8-2519-4252-91F1-951699C28A64}.Release|x64.Build.0 = Release|Any CPU
		{96BFE3E8-2519-4252-91F1-951699C28A64}.Release|x86.ActiveCfg = Release|Any CPU
		{96BFE3E8-2519-4252-91F1-951699C28A64}.Release|x86.Build.0 = Release|Any CPU
		{96BFE3E8-2519-4252-91F1-951699C28A64}.Signed|Any CPU.ActiveCfg = Release|Any CPU
		{96BFE3E8-2519-4252-91F1-951699C28A64}.Signed|Any CPU.Build.0 = Release|Any CPU
		{96BFE3E8-2519-4252-91F1-951699C28A64}.Signed|ARM.ActiveCfg = Release|Any CPU
		{96BFE3E8-2519-4252-91F1-951699C28A64}.Signed|ARM.Build.0 = Release|Any CPU
		{96BFE3E8-2519-4252-91F1-951699C28A64}.Signed|x64.ActiveCfg = Release|Any CPU
		{96BFE3E8-2519-4252-91F1-951699C28A64}.Signed|x64.Build.0 = Release|Any CPU
		{96BFE3E8-2519-4252-91F1-951699C28A64}.Signed|x86.ActiveCfg = Release|Any CPU
		{96BFE3E8-2519-4252-91F1-951699C28A64}.Signed|x86.Build.0 = Release|Any CPU
		{96BFE3E8-2519-4252-91F1-951699C28A64}.STATIC_ONLY NO_EXPRESSIONS|Any CPU.ActiveCfg = Release|Any CPU
		{96BFE3E8-2519-4252-91F1-951699C28A64}.STATIC_ONLY NO_EXPRESSIONS|Any CPU.Build.0 = Release|Any CPU
		{96BFE3E8-2519-4252-91F1-951699C28A64}.STATIC_ONLY NO_EXPRESSIONS|ARM.ActiveCfg = Release|Any CPU
		{96BFE3E8-2519-4252-91F1-951699C28A64}.STATIC_ONLY NO_EXPRESSIONS|ARM.Build.0 = Release|Any CPU
		{96BFE3E8-2519-4252-91F1-951699C28A64}.STATIC_ONLY NO_EXPRESSIONS|x64.ActiveCfg = Release|Any CPU
		{96BFE3E8-2519-4252-91F1-951699C28A64}.STATIC_ONLY NO_EXPRESSIONS|x64.Build.0 = Release|Any CPU
		{96BFE3E8-2519-4252-91F1-951699C28A64}.STATIC_ONLY NO_EXPRESSIONS|x86.ActiveCfg = Release|Any CPU
		{96BFE3E8-2519-4252-91F1-951699C28A64}.STATIC_ONLY NO_EXPRESSIONS|x86.Build.0 = Release|Any CPU
		{842237BB-D729-4A8C-9425-6239BB4C1BFA}.Debug|Any CPU.ActiveCfg = Debug|Any CPU
		{842237BB-D729-4A8C-9425-6239BB4C1BFA}.Debug|Any CPU.Build.0 = Debug|Any CPU
		{842237BB-D729-4A8C-9425-6239BB4C1BFA}.Debug|ARM.ActiveCfg = Debug|Any CPU
		{842237BB-D729-4A8C-9425-6239BB4C1BFA}.Debug|ARM.Build.0 = Debug|Any CPU
		{842237BB-D729-4A8C-9425-6239BB4C1BFA}.Debug|x64.ActiveCfg = Debug|Any CPU
		{842237BB-D729-4A8C-9425-6239BB4C1BFA}.Debug|x64.Build.0 = Debug|Any CPU
		{842237BB-D729-4A8C-9425-6239BB4C1BFA}.Debug|x86.ActiveCfg = Debug|Any CPU
		{842237BB-D729-4A8C-9425-6239BB4C1BFA}.Debug|x86.Build.0 = Debug|Any CPU
		{842237BB-D729-4A8C-9425-6239BB4C1BFA}.MonoTouch|Any CPU.ActiveCfg = Release|Any CPU
		{842237BB-D729-4A8C-9425-6239BB4C1BFA}.MonoTouch|Any CPU.Build.0 = Release|Any CPU
		{842237BB-D729-4A8C-9425-6239BB4C1BFA}.MonoTouch|ARM.ActiveCfg = Release|Any CPU
		{842237BB-D729-4A8C-9425-6239BB4C1BFA}.MonoTouch|ARM.Build.0 = Release|Any CPU
		{842237BB-D729-4A8C-9425-6239BB4C1BFA}.MonoTouch|x64.ActiveCfg = Release|Any CPU
		{842237BB-D729-4A8C-9425-6239BB4C1BFA}.MonoTouch|x64.Build.0 = Release|Any CPU
		{842237BB-D729-4A8C-9425-6239BB4C1BFA}.MonoTouch|x86.ActiveCfg = Release|Any CPU
		{842237BB-D729-4A8C-9425-6239BB4C1BFA}.MonoTouch|x86.Build.0 = Release|Any CPU
		{842237BB-D729-4A8C-9425-6239BB4C1BFA}.Release|Any CPU.ActiveCfg = Release|Any CPU
		{842237BB-D729-4A8C-9425-6239BB4C1BFA}.Release|Any CPU.Build.0 = Release|Any CPU
		{842237BB-D729-4A8C-9425-6239BB4C1BFA}.Release|ARM.ActiveCfg = Release|Any CPU
		{842237BB-D729-4A8C-9425-6239BB4C1BFA}.Release|ARM.Build.0 = Release|Any CPU
		{842237BB-D729-4A8C-9425-6239BB4C1BFA}.Release|x64.ActiveCfg = Release|Any CPU
		{842237BB-D729-4A8C-9425-6239BB4C1BFA}.Release|x64.Build.0 = Release|Any CPU
		{842237BB-D729-4A8C-9425-6239BB4C1BFA}.Release|x86.ActiveCfg = Release|Any CPU
		{842237BB-D729-4A8C-9425-6239BB4C1BFA}.Release|x86.Build.0 = Release|Any CPU
		{842237BB-D729-4A8C-9425-6239BB4C1BFA}.Signed|Any CPU.ActiveCfg = Release|Any CPU
		{842237BB-D729-4A8C-9425-6239BB4C1BFA}.Signed|Any CPU.Build.0 = Release|Any CPU
		{842237BB-D729-4A8C-9425-6239BB4C1BFA}.Signed|ARM.ActiveCfg = Release|Any CPU
		{842237BB-D729-4A8C-9425-6239BB4C1BFA}.Signed|ARM.Build.0 = Release|Any CPU
		{842237BB-D729-4A8C-9425-6239BB4C1BFA}.Signed|x64.ActiveCfg = Release|Any CPU
		{842237BB-D729-4A8C-9425-6239BB4C1BFA}.Signed|x64.Build.0 = Release|Any CPU
		{842237BB-D729-4A8C-9425-6239BB4C1BFA}.Signed|x86.ActiveCfg = Release|Any CPU
		{842237BB-D729-4A8C-9425-6239BB4C1BFA}.Signed|x86.Build.0 = Release|Any CPU
		{842237BB-D729-4A8C-9425-6239BB4C1BFA}.STATIC_ONLY NO_EXPRESSIONS|Any CPU.ActiveCfg = Release|Any CPU
		{842237BB-D729-4A8C-9425-6239BB4C1BFA}.STATIC_ONLY NO_EXPRESSIONS|Any CPU.Build.0 = Release|Any CPU
		{842237BB-D729-4A8C-9425-6239BB4C1BFA}.STATIC_ONLY NO_EXPRESSIONS|ARM.ActiveCfg = Release|Any CPU
		{842237BB-D729-4A8C-9425-6239BB4C1BFA}.STATIC_ONLY NO_EXPRESSIONS|ARM.Build.0 = Release|Any CPU
		{842237BB-D729-4A8C-9425-6239BB4C1BFA}.STATIC_ONLY NO_EXPRESSIONS|x64.ActiveCfg = Release|Any CPU
		{842237BB-D729-4A8C-9425-6239BB4C1BFA}.STATIC_ONLY NO_EXPRESSIONS|x64.Build.0 = Release|Any CPU
		{842237BB-D729-4A8C-9425-6239BB4C1BFA}.STATIC_ONLY NO_EXPRESSIONS|x86.ActiveCfg = Release|Any CPU
		{842237BB-D729-4A8C-9425-6239BB4C1BFA}.STATIC_ONLY NO_EXPRESSIONS|x86.Build.0 = Release|Any CPU
		{7973DE19-0EFA-48DE-B3F4-728FAE348200}.Debug|Any CPU.ActiveCfg = Debug|Any CPU
		{7973DE19-0EFA-48DE-B3F4-728FAE348200}.Debug|Any CPU.Build.0 = Debug|Any CPU
		{7973DE19-0EFA-48DE-B3F4-728FAE348200}.Debug|ARM.ActiveCfg = Debug|Any CPU
		{7973DE19-0EFA-48DE-B3F4-728FAE348200}.Debug|ARM.Build.0 = Debug|Any CPU
		{7973DE19-0EFA-48DE-B3F4-728FAE348200}.Debug|x64.ActiveCfg = Debug|Any CPU
		{7973DE19-0EFA-48DE-B3F4-728FAE348200}.Debug|x64.Build.0 = Debug|Any CPU
		{7973DE19-0EFA-48DE-B3F4-728FAE348200}.Debug|x86.ActiveCfg = Debug|Any CPU
		{7973DE19-0EFA-48DE-B3F4-728FAE348200}.Debug|x86.Build.0 = Debug|Any CPU
		{7973DE19-0EFA-48DE-B3F4-728FAE348200}.MonoTouch|Any CPU.ActiveCfg = Release|Any CPU
		{7973DE19-0EFA-48DE-B3F4-728FAE348200}.MonoTouch|Any CPU.Build.0 = Release|Any CPU
		{7973DE19-0EFA-48DE-B3F4-728FAE348200}.MonoTouch|ARM.ActiveCfg = Release|Any CPU
		{7973DE19-0EFA-48DE-B3F4-728FAE348200}.MonoTouch|ARM.Build.0 = Release|Any CPU
		{7973DE19-0EFA-48DE-B3F4-728FAE348200}.MonoTouch|x64.ActiveCfg = Release|Any CPU
		{7973DE19-0EFA-48DE-B3F4-728FAE348200}.MonoTouch|x64.Build.0 = Release|Any CPU
		{7973DE19-0EFA-48DE-B3F4-728FAE348200}.MonoTouch|x86.ActiveCfg = Release|Any CPU
		{7973DE19-0EFA-48DE-B3F4-728FAE348200}.MonoTouch|x86.Build.0 = Release|Any CPU
		{7973DE19-0EFA-48DE-B3F4-728FAE348200}.Release|Any CPU.ActiveCfg = Release|Any CPU
		{7973DE19-0EFA-48DE-B3F4-728FAE348200}.Release|Any CPU.Build.0 = Release|Any CPU
		{7973DE19-0EFA-48DE-B3F4-728FAE348200}.Release|ARM.ActiveCfg = Release|Any CPU
		{7973DE19-0EFA-48DE-B3F4-728FAE348200}.Release|ARM.Build.0 = Release|Any CPU
		{7973DE19-0EFA-48DE-B3F4-728FAE348200}.Release|x64.ActiveCfg = Release|Any CPU
		{7973DE19-0EFA-48DE-B3F4-728FAE348200}.Release|x64.Build.0 = Release|Any CPU
		{7973DE19-0EFA-48DE-B3F4-728FAE348200}.Release|x86.ActiveCfg = Release|Any CPU
		{7973DE19-0EFA-48DE-B3F4-728FAE348200}.Release|x86.Build.0 = Release|Any CPU
		{7973DE19-0EFA-48DE-B3F4-728FAE348200}.Signed|Any CPU.ActiveCfg = Release|Any CPU
		{7973DE19-0EFA-48DE-B3F4-728FAE348200}.Signed|Any CPU.Build.0 = Release|Any CPU
		{7973DE19-0EFA-48DE-B3F4-728FAE348200}.Signed|ARM.ActiveCfg = Release|Any CPU
		{7973DE19-0EFA-48DE-B3F4-728FAE348200}.Signed|ARM.Build.0 = Release|Any CPU
		{7973DE19-0EFA-48DE-B3F4-728FAE348200}.Signed|x64.ActiveCfg = Release|Any CPU
		{7973DE19-0EFA-48DE-B3F4-728FAE348200}.Signed|x64.Build.0 = Release|Any CPU
		{7973DE19-0EFA-48DE-B3F4-728FAE348200}.Signed|x86.ActiveCfg = Release|Any CPU
		{7973DE19-0EFA-48DE-B3F4-728FAE348200}.Signed|x86.Build.0 = Release|Any CPU
		{7973DE19-0EFA-48DE-B3F4-728FAE348200}.STATIC_ONLY NO_EXPRESSIONS|Any CPU.ActiveCfg = Release|Any CPU
		{7973DE19-0EFA-48DE-B3F4-728FAE348200}.STATIC_ONLY NO_EXPRESSIONS|Any CPU.Build.0 = Release|Any CPU
		{7973DE19-0EFA-48DE-B3F4-728FAE348200}.STATIC_ONLY NO_EXPRESSIONS|ARM.ActiveCfg = Release|Any CPU
		{7973DE19-0EFA-48DE-B3F4-728FAE348200}.STATIC_ONLY NO_EXPRESSIONS|ARM.Build.0 = Release|Any CPU
		{7973DE19-0EFA-48DE-B3F4-728FAE348200}.STATIC_ONLY NO_EXPRESSIONS|x64.ActiveCfg = Release|Any CPU
		{7973DE19-0EFA-48DE-B3F4-728FAE348200}.STATIC_ONLY NO_EXPRESSIONS|x64.Build.0 = Release|Any CPU
		{7973DE19-0EFA-48DE-B3F4-728FAE348200}.STATIC_ONLY NO_EXPRESSIONS|x86.ActiveCfg = Release|Any CPU
		{7973DE19-0EFA-48DE-B3F4-728FAE348200}.STATIC_ONLY NO_EXPRESSIONS|x86.Build.0 = Release|Any CPU
		{0D702E8F-3DB0-48BC-BAC4-99496718F4B7}.Debug|Any CPU.ActiveCfg = Debug|Any CPU
		{0D702E8F-3DB0-48BC-BAC4-99496718F4B7}.Debug|Any CPU.Build.0 = Debug|Any CPU
		{0D702E8F-3DB0-48BC-BAC4-99496718F4B7}.Debug|ARM.ActiveCfg = Debug|Any CPU
		{0D702E8F-3DB0-48BC-BAC4-99496718F4B7}.Debug|ARM.Build.0 = Debug|Any CPU
		{0D702E8F-3DB0-48BC-BAC4-99496718F4B7}.Debug|x64.ActiveCfg = Debug|Any CPU
		{0D702E8F-3DB0-48BC-BAC4-99496718F4B7}.Debug|x64.Build.0 = Debug|Any CPU
		{0D702E8F-3DB0-48BC-BAC4-99496718F4B7}.Debug|x86.ActiveCfg = Debug|Any CPU
		{0D702E8F-3DB0-48BC-BAC4-99496718F4B7}.Debug|x86.Build.0 = Debug|Any CPU
		{0D702E8F-3DB0-48BC-BAC4-99496718F4B7}.MonoTouch|Any CPU.ActiveCfg = Release|Any CPU
		{0D702E8F-3DB0-48BC-BAC4-99496718F4B7}.MonoTouch|Any CPU.Build.0 = Release|Any CPU
		{0D702E8F-3DB0-48BC-BAC4-99496718F4B7}.MonoTouch|ARM.ActiveCfg = Release|Any CPU
		{0D702E8F-3DB0-48BC-BAC4-99496718F4B7}.MonoTouch|ARM.Build.0 = Release|Any CPU
		{0D702E8F-3DB0-48BC-BAC4-99496718F4B7}.MonoTouch|x64.ActiveCfg = Release|Any CPU
		{0D702E8F-3DB0-48BC-BAC4-99496718F4B7}.MonoTouch|x64.Build.0 = Release|Any CPU
		{0D702E8F-3DB0-48BC-BAC4-99496718F4B7}.MonoTouch|x86.ActiveCfg = Release|Any CPU
		{0D702E8F-3DB0-48BC-BAC4-99496718F4B7}.MonoTouch|x86.Build.0 = Release|Any CPU
		{0D702E8F-3DB0-48BC-BAC4-99496718F4B7}.Release|Any CPU.ActiveCfg = Release|Any CPU
		{0D702E8F-3DB0-48BC-BAC4-99496718F4B7}.Release|Any CPU.Build.0 = Release|Any CPU
		{0D702E8F-3DB0-48BC-BAC4-99496718F4B7}.Release|ARM.ActiveCfg = Release|Any CPU
		{0D702E8F-3DB0-48BC-BAC4-99496718F4B7}.Release|ARM.Build.0 = Release|Any CPU
		{0D702E8F-3DB0-48BC-BAC4-99496718F4B7}.Release|x64.ActiveCfg = Release|Any CPU
		{0D702E8F-3DB0-48BC-BAC4-99496718F4B7}.Release|x64.Build.0 = Release|Any CPU
		{0D702E8F-3DB0-48BC-BAC4-99496718F4B7}.Release|x86.ActiveCfg = Release|Any CPU
		{0D702E8F-3DB0-48BC-BAC4-99496718F4B7}.Release|x86.Build.0 = Release|Any CPU
		{0D702E8F-3DB0-48BC-BAC4-99496718F4B7}.Signed|Any CPU.ActiveCfg = Release|Any CPU
		{0D702E8F-3DB0-48BC-BAC4-99496718F4B7}.Signed|Any CPU.Build.0 = Release|Any CPU
		{0D702E8F-3DB0-48BC-BAC4-99496718F4B7}.Signed|ARM.ActiveCfg = Release|Any CPU
		{0D702E8F-3DB0-48BC-BAC4-99496718F4B7}.Signed|ARM.Build.0 = Release|Any CPU
		{0D702E8F-3DB0-48BC-BAC4-99496718F4B7}.Signed|x64.ActiveCfg = Release|Any CPU
		{0D702E8F-3DB0-48BC-BAC4-99496718F4B7}.Signed|x64.Build.0 = Release|Any CPU
		{0D702E8F-3DB0-48BC-BAC4-99496718F4B7}.Signed|x86.ActiveCfg = Release|Any CPU
		{0D702E8F-3DB0-48BC-BAC4-99496718F4B7}.Signed|x86.Build.0 = Release|Any CPU
		{0D702E8F-3DB0-48BC-BAC4-99496718F4B7}.STATIC_ONLY NO_EXPRESSIONS|Any CPU.ActiveCfg = Release|Any CPU
		{0D702E8F-3DB0-48BC-BAC4-99496718F4B7}.STATIC_ONLY NO_EXPRESSIONS|Any CPU.Build.0 = Release|Any CPU
		{0D702E8F-3DB0-48BC-BAC4-99496718F4B7}.STATIC_ONLY NO_EXPRESSIONS|ARM.ActiveCfg = Release|Any CPU
		{0D702E8F-3DB0-48BC-BAC4-99496718F4B7}.STATIC_ONLY NO_EXPRESSIONS|ARM.Build.0 = Release|Any CPU
		{0D702E8F-3DB0-48BC-BAC4-99496718F4B7}.STATIC_ONLY NO_EXPRESSIONS|x64.ActiveCfg = Release|Any CPU
		{0D702E8F-3DB0-48BC-BAC4-99496718F4B7}.STATIC_ONLY NO_EXPRESSIONS|x64.Build.0 = Release|Any CPU
		{0D702E8F-3DB0-48BC-BAC4-99496718F4B7}.STATIC_ONLY NO_EXPRESSIONS|x86.ActiveCfg = Release|Any CPU
		{0D702E8F-3DB0-48BC-BAC4-99496718F4B7}.STATIC_ONLY NO_EXPRESSIONS|x86.Build.0 = Release|Any CPU
		{7FB75120-9005-418E-A270-877DDFC5151D}.Debug|Any CPU.ActiveCfg = Debug|Any CPU
		{7FB75120-9005-418E-A270-877DDFC5151D}.Debug|Any CPU.Build.0 = Debug|Any CPU
		{7FB75120-9005-418E-A270-877DDFC5151D}.Debug|ARM.ActiveCfg = Debug|Any CPU
		{7FB75120-9005-418E-A270-877DDFC5151D}.Debug|ARM.Build.0 = Debug|Any CPU
		{7FB75120-9005-418E-A270-877DDFC5151D}.Debug|x64.ActiveCfg = Debug|Any CPU
		{7FB75120-9005-418E-A270-877DDFC5151D}.Debug|x64.Build.0 = Debug|Any CPU
		{7FB75120-9005-418E-A270-877DDFC5151D}.Debug|x86.ActiveCfg = Debug|Any CPU
		{7FB75120-9005-418E-A270-877DDFC5151D}.Debug|x86.Build.0 = Debug|Any CPU
		{7FB75120-9005-418E-A270-877DDFC5151D}.MonoTouch|Any CPU.ActiveCfg = Release|Any CPU
		{7FB75120-9005-418E-A270-877DDFC5151D}.MonoTouch|Any CPU.Build.0 = Release|Any CPU
		{7FB75120-9005-418E-A270-877DDFC5151D}.MonoTouch|ARM.ActiveCfg = Release|Any CPU
		{7FB75120-9005-418E-A270-877DDFC5151D}.MonoTouch|ARM.Build.0 = Release|Any CPU
		{7FB75120-9005-418E-A270-877DDFC5151D}.MonoTouch|x64.ActiveCfg = Release|Any CPU
		{7FB75120-9005-418E-A270-877DDFC5151D}.MonoTouch|x64.Build.0 = Release|Any CPU
		{7FB75120-9005-418E-A270-877DDFC5151D}.MonoTouch|x86.ActiveCfg = Release|Any CPU
		{7FB75120-9005-418E-A270-877DDFC5151D}.MonoTouch|x86.Build.0 = Release|Any CPU
		{7FB75120-9005-418E-A270-877DDFC5151D}.Release|Any CPU.ActiveCfg = Release|Any CPU
		{7FB75120-9005-418E-A270-877DDFC5151D}.Release|Any CPU.Build.0 = Release|Any CPU
		{7FB75120-9005-418E-A270-877DDFC5151D}.Release|ARM.ActiveCfg = Release|Any CPU
		{7FB75120-9005-418E-A270-877DDFC5151D}.Release|ARM.Build.0 = Release|Any CPU
		{7FB75120-9005-418E-A270-877DDFC5151D}.Release|x64.ActiveCfg = Release|Any CPU
		{7FB75120-9005-418E-A270-877DDFC5151D}.Release|x64.Build.0 = Release|Any CPU
		{7FB75120-9005-418E-A270-877DDFC5151D}.Release|x86.ActiveCfg = Release|Any CPU
		{7FB75120-9005-418E-A270-877DDFC5151D}.Release|x86.Build.0 = Release|Any CPU
		{7FB75120-9005-418E-A270-877DDFC5151D}.Signed|Any CPU.ActiveCfg = Release|Any CPU
		{7FB75120-9005-418E-A270-877DDFC5151D}.Signed|Any CPU.Build.0 = Release|Any CPU
		{7FB75120-9005-418E-A270-877DDFC5151D}.Signed|ARM.ActiveCfg = Release|Any CPU
		{7FB75120-9005-418E-A270-877DDFC5151D}.Signed|ARM.Build.0 = Release|Any CPU
		{7FB75120-9005-418E-A270-877DDFC5151D}.Signed|x64.ActiveCfg = Release|Any CPU
		{7FB75120-9005-418E-A270-877DDFC5151D}.Signed|x64.Build.0 = Release|Any CPU
		{7FB75120-9005-418E-A270-877DDFC5151D}.Signed|x86.ActiveCfg = Release|Any CPU
		{7FB75120-9005-418E-A270-877DDFC5151D}.Signed|x86.Build.0 = Release|Any CPU
		{7FB75120-9005-418E-A270-877DDFC5151D}.STATIC_ONLY NO_EXPRESSIONS|Any CPU.ActiveCfg = Release|Any CPU
		{7FB75120-9005-418E-A270-877DDFC5151D}.STATIC_ONLY NO_EXPRESSIONS|Any CPU.Build.0 = Release|Any CPU
		{7FB75120-9005-418E-A270-877DDFC5151D}.STATIC_ONLY NO_EXPRESSIONS|ARM.ActiveCfg = Release|Any CPU
		{7FB75120-9005-418E-A270-877DDFC5151D}.STATIC_ONLY NO_EXPRESSIONS|ARM.Build.0 = Release|Any CPU
		{7FB75120-9005-418E-A270-877DDFC5151D}.STATIC_ONLY NO_EXPRESSIONS|x64.ActiveCfg = Release|Any CPU
		{7FB75120-9005-418E-A270-877DDFC5151D}.STATIC_ONLY NO_EXPRESSIONS|x64.Build.0 = Release|Any CPU
		{7FB75120-9005-418E-A270-877DDFC5151D}.STATIC_ONLY NO_EXPRESSIONS|x86.ActiveCfg = Release|Any CPU
		{7FB75120-9005-418E-A270-877DDFC5151D}.STATIC_ONLY NO_EXPRESSIONS|x86.Build.0 = Release|Any CPU
		{6ED69F84-D0C8-48FD-B315-09A81273651E}.Debug|Any CPU.ActiveCfg = Debug|Any CPU
		{6ED69F84-D0C8-48FD-B315-09A81273651E}.Debug|Any CPU.Build.0 = Debug|Any CPU
		{6ED69F84-D0C8-48FD-B315-09A81273651E}.Debug|ARM.ActiveCfg = Debug|Any CPU
		{6ED69F84-D0C8-48FD-B315-09A81273651E}.Debug|ARM.Build.0 = Debug|Any CPU
		{6ED69F84-D0C8-48FD-B315-09A81273651E}.Debug|x64.ActiveCfg = Debug|Any CPU
		{6ED69F84-D0C8-48FD-B315-09A81273651E}.Debug|x64.Build.0 = Debug|Any CPU
		{6ED69F84-D0C8-48FD-B315-09A81273651E}.Debug|x86.ActiveCfg = Debug|Any CPU
		{6ED69F84-D0C8-48FD-B315-09A81273651E}.Debug|x86.Build.0 = Debug|Any CPU
		{6ED69F84-D0C8-48FD-B315-09A81273651E}.MonoTouch|Any CPU.ActiveCfg = Release|Any CPU
		{6ED69F84-D0C8-48FD-B315-09A81273651E}.MonoTouch|Any CPU.Build.0 = Release|Any CPU
		{6ED69F84-D0C8-48FD-B315-09A81273651E}.MonoTouch|ARM.ActiveCfg = Release|Any CPU
		{6ED69F84-D0C8-48FD-B315-09A81273651E}.MonoTouch|ARM.Build.0 = Release|Any CPU
		{6ED69F84-D0C8-48FD-B315-09A81273651E}.MonoTouch|x64.ActiveCfg = Release|Any CPU
		{6ED69F84-D0C8-48FD-B315-09A81273651E}.MonoTouch|x64.Build.0 = Release|Any CPU
		{6ED69F84-D0C8-48FD-B315-09A81273651E}.MonoTouch|x86.ActiveCfg = Release|Any CPU
		{6ED69F84-D0C8-48FD-B315-09A81273651E}.MonoTouch|x86.Build.0 = Release|Any CPU
		{6ED69F84-D0C8-48FD-B315-09A81273651E}.Release|Any CPU.ActiveCfg = Release|Any CPU
		{6ED69F84-D0C8-48FD-B315-09A81273651E}.Release|Any CPU.Build.0 = Release|Any CPU
		{6ED69F84-D0C8-48FD-B315-09A81273651E}.Release|ARM.ActiveCfg = Release|Any CPU
		{6ED69F84-D0C8-48FD-B315-09A81273651E}.Release|ARM.Build.0 = Release|Any CPU
		{6ED69F84-D0C8-48FD-B315-09A81273651E}.Release|x64.ActiveCfg = Release|Any CPU
		{6ED69F84-D0C8-48FD-B315-09A81273651E}.Release|x64.Build.0 = Release|Any CPU
		{6ED69F84-D0C8-48FD-B315-09A81273651E}.Release|x86.ActiveCfg = Release|Any CPU
		{6ED69F84-D0C8-48FD-B315-09A81273651E}.Release|x86.Build.0 = Release|Any CPU
		{6ED69F84-D0C8-48FD-B315-09A81273651E}.Signed|Any CPU.ActiveCfg = Release|Any CPU
		{6ED69F84-D0C8-48FD-B315-09A81273651E}.Signed|Any CPU.Build.0 = Release|Any CPU
		{6ED69F84-D0C8-48FD-B315-09A81273651E}.Signed|ARM.ActiveCfg = Release|Any CPU
		{6ED69F84-D0C8-48FD-B315-09A81273651E}.Signed|ARM.Build.0 = Release|Any CPU
		{6ED69F84-D0C8-48FD-B315-09A81273651E}.Signed|x64.ActiveCfg = Release|Any CPU
		{6ED69F84-D0C8-48FD-B315-09A81273651E}.Signed|x64.Build.0 = Release|Any CPU
		{6ED69F84-D0C8-48FD-B315-09A81273651E}.Signed|x86.ActiveCfg = Release|Any CPU
		{6ED69F84-D0C8-48FD-B315-09A81273651E}.Signed|x86.Build.0 = Release|Any CPU
		{6ED69F84-D0C8-48FD-B315-09A81273651E}.STATIC_ONLY NO_EXPRESSIONS|Any CPU.ActiveCfg = Release|Any CPU
		{6ED69F84-D0C8-48FD-B315-09A81273651E}.STATIC_ONLY NO_EXPRESSIONS|Any CPU.Build.0 = Release|Any CPU
		{6ED69F84-D0C8-48FD-B315-09A81273651E}.STATIC_ONLY NO_EXPRESSIONS|ARM.ActiveCfg = Release|Any CPU
		{6ED69F84-D0C8-48FD-B315-09A81273651E}.STATIC_ONLY NO_EXPRESSIONS|ARM.Build.0 = Release|Any CPU
		{6ED69F84-D0C8-48FD-B315-09A81273651E}.STATIC_ONLY NO_EXPRESSIONS|x64.ActiveCfg = Release|Any CPU
		{6ED69F84-D0C8-48FD-B315-09A81273651E}.STATIC_ONLY NO_EXPRESSIONS|x64.Build.0 = Release|Any CPU
		{6ED69F84-D0C8-48FD-B315-09A81273651E}.STATIC_ONLY NO_EXPRESSIONS|x86.ActiveCfg = Release|Any CPU
		{6ED69F84-D0C8-48FD-B315-09A81273651E}.STATIC_ONLY NO_EXPRESSIONS|x86.Build.0 = Release|Any CPU
		{D33F2515-AB9E-4C71-A99B-FD0829F81345}.Debug|Any CPU.ActiveCfg = Debug|Any CPU
		{D33F2515-AB9E-4C71-A99B-FD0829F81345}.Debug|Any CPU.Build.0 = Debug|Any CPU
		{D33F2515-AB9E-4C71-A99B-FD0829F81345}.Debug|ARM.ActiveCfg = Debug|Any CPU
		{D33F2515-AB9E-4C71-A99B-FD0829F81345}.Debug|ARM.Build.0 = Debug|Any CPU
		{D33F2515-AB9E-4C71-A99B-FD0829F81345}.Debug|x64.ActiveCfg = Debug|Any CPU
		{D33F2515-AB9E-4C71-A99B-FD0829F81345}.Debug|x64.Build.0 = Debug|Any CPU
		{D33F2515-AB9E-4C71-A99B-FD0829F81345}.Debug|x86.ActiveCfg = Debug|Any CPU
		{D33F2515-AB9E-4C71-A99B-FD0829F81345}.Debug|x86.Build.0 = Debug|Any CPU
		{D33F2515-AB9E-4C71-A99B-FD0829F81345}.MonoTouch|Any CPU.ActiveCfg = Release|Any CPU
		{D33F2515-AB9E-4C71-A99B-FD0829F81345}.MonoTouch|Any CPU.Build.0 = Release|Any CPU
		{D33F2515-AB9E-4C71-A99B-FD0829F81345}.MonoTouch|ARM.ActiveCfg = Release|Any CPU
		{D33F2515-AB9E-4C71-A99B-FD0829F81345}.MonoTouch|ARM.Build.0 = Release|Any CPU
		{D33F2515-AB9E-4C71-A99B-FD0829F81345}.MonoTouch|x64.ActiveCfg = Release|Any CPU
		{D33F2515-AB9E-4C71-A99B-FD0829F81345}.MonoTouch|x64.Build.0 = Release|Any CPU
		{D33F2515-AB9E-4C71-A99B-FD0829F81345}.MonoTouch|x86.ActiveCfg = Release|Any CPU
		{D33F2515-AB9E-4C71-A99B-FD0829F81345}.MonoTouch|x86.Build.0 = Release|Any CPU
		{D33F2515-AB9E-4C71-A99B-FD0829F81345}.Release|Any CPU.ActiveCfg = Release|Any CPU
		{D33F2515-AB9E-4C71-A99B-FD0829F81345}.Release|Any CPU.Build.0 = Release|Any CPU
		{D33F2515-AB9E-4C71-A99B-FD0829F81345}.Release|ARM.ActiveCfg = Release|Any CPU
		{D33F2515-AB9E-4C71-A99B-FD0829F81345}.Release|ARM.Build.0 = Release|Any CPU
		{D33F2515-AB9E-4C71-A99B-FD0829F81345}.Release|x64.ActiveCfg = Release|Any CPU
		{D33F2515-AB9E-4C71-A99B-FD0829F81345}.Release|x64.Build.0 = Release|Any CPU
		{D33F2515-AB9E-4C71-A99B-FD0829F81345}.Release|x86.ActiveCfg = Release|Any CPU
		{D33F2515-AB9E-4C71-A99B-FD0829F81345}.Release|x86.Build.0 = Release|Any CPU
		{D33F2515-AB9E-4C71-A99B-FD0829F81345}.Signed|Any CPU.ActiveCfg = Release|Any CPU
		{D33F2515-AB9E-4C71-A99B-FD0829F81345}.Signed|Any CPU.Build.0 = Release|Any CPU
		{D33F2515-AB9E-4C71-A99B-FD0829F81345}.Signed|ARM.ActiveCfg = Release|Any CPU
		{D33F2515-AB9E-4C71-A99B-FD0829F81345}.Signed|ARM.Build.0 = Release|Any CPU
		{D33F2515-AB9E-4C71-A99B-FD0829F81345}.Signed|x64.ActiveCfg = Release|Any CPU
		{D33F2515-AB9E-4C71-A99B-FD0829F81345}.Signed|x64.Build.0 = Release|Any CPU
		{D33F2515-AB9E-4C71-A99B-FD0829F81345}.Signed|x86.ActiveCfg = Release|Any CPU
		{D33F2515-AB9E-4C71-A99B-FD0829F81345}.Signed|x86.Build.0 = Release|Any CPU
		{D33F2515-AB9E-4C71-A99B-FD0829F81345}.STATIC_ONLY NO_EXPRESSIONS|Any CPU.ActiveCfg = Release|Any CPU
		{D33F2515-AB9E-4C71-A99B-FD0829F81345}.STATIC_ONLY NO_EXPRESSIONS|Any CPU.Build.0 = Release|Any CPU
		{D33F2515-AB9E-4C71-A99B-FD0829F81345}.STATIC_ONLY NO_EXPRESSIONS|ARM.ActiveCfg = Release|Any CPU
		{D33F2515-AB9E-4C71-A99B-FD0829F81345}.STATIC_ONLY NO_EXPRESSIONS|ARM.Build.0 = Release|Any CPU
		{D33F2515-AB9E-4C71-A99B-FD0829F81345}.STATIC_ONLY NO_EXPRESSIONS|x64.ActiveCfg = Release|Any CPU
		{D33F2515-AB9E-4C71-A99B-FD0829F81345}.STATIC_ONLY NO_EXPRESSIONS|x64.Build.0 = Release|Any CPU
		{D33F2515-AB9E-4C71-A99B-FD0829F81345}.STATIC_ONLY NO_EXPRESSIONS|x86.ActiveCfg = Release|Any CPU
		{D33F2515-AB9E-4C71-A99B-FD0829F81345}.STATIC_ONLY NO_EXPRESSIONS|x86.Build.0 = Release|Any CPU
		{631EAED7-E61A-49C0-8610-54B80E0A1D4C}.Debug|Any CPU.ActiveCfg = Debug|Any CPU
		{631EAED7-E61A-49C0-8610-54B80E0A1D4C}.Debug|Any CPU.Build.0 = Debug|Any CPU
		{631EAED7-E61A-49C0-8610-54B80E0A1D4C}.Debug|ARM.ActiveCfg = Debug|Any CPU
		{631EAED7-E61A-49C0-8610-54B80E0A1D4C}.Debug|ARM.Build.0 = Debug|Any CPU
		{631EAED7-E61A-49C0-8610-54B80E0A1D4C}.Debug|x64.ActiveCfg = Debug|Any CPU
		{631EAED7-E61A-49C0-8610-54B80E0A1D4C}.Debug|x64.Build.0 = Debug|Any CPU
		{631EAED7-E61A-49C0-8610-54B80E0A1D4C}.Debug|x86.ActiveCfg = Debug|Any CPU
		{631EAED7-E61A-49C0-8610-54B80E0A1D4C}.Debug|x86.Build.0 = Debug|Any CPU
		{631EAED7-E61A-49C0-8610-54B80E0A1D4C}.MonoTouch|Any CPU.ActiveCfg = Release|Any CPU
		{631EAED7-E61A-49C0-8610-54B80E0A1D4C}.MonoTouch|Any CPU.Build.0 = Release|Any CPU
		{631EAED7-E61A-49C0-8610-54B80E0A1D4C}.MonoTouch|ARM.ActiveCfg = Release|Any CPU
		{631EAED7-E61A-49C0-8610-54B80E0A1D4C}.MonoTouch|ARM.Build.0 = Release|Any CPU
		{631EAED7-E61A-49C0-8610-54B80E0A1D4C}.MonoTouch|x64.ActiveCfg = Release|Any CPU
		{631EAED7-E61A-49C0-8610-54B80E0A1D4C}.MonoTouch|x64.Build.0 = Release|Any CPU
		{631EAED7-E61A-49C0-8610-54B80E0A1D4C}.MonoTouch|x86.ActiveCfg = Release|Any CPU
		{631EAED7-E61A-49C0-8610-54B80E0A1D4C}.MonoTouch|x86.Build.0 = Release|Any CPU
		{631EAED7-E61A-49C0-8610-54B80E0A1D4C}.Release|Any CPU.ActiveCfg = Release|Any CPU
		{631EAED7-E61A-49C0-8610-54B80E0A1D4C}.Release|Any CPU.Build.0 = Release|Any CPU
		{631EAED7-E61A-49C0-8610-54B80E0A1D4C}.Release|ARM.ActiveCfg = Release|Any CPU
		{631EAED7-E61A-49C0-8610-54B80E0A1D4C}.Release|ARM.Build.0 = Release|Any CPU
		{631EAED7-E61A-49C0-8610-54B80E0A1D4C}.Release|x64.ActiveCfg = Release|Any CPU
		{631EAED7-E61A-49C0-8610-54B80E0A1D4C}.Release|x64.Build.0 = Release|Any CPU
		{631EAED7-E61A-49C0-8610-54B80E0A1D4C}.Release|x86.ActiveCfg = Release|Any CPU
		{631EAED7-E61A-49C0-8610-54B80E0A1D4C}.Release|x86.Build.0 = Release|Any CPU
		{631EAED7-E61A-49C0-8610-54B80E0A1D4C}.Signed|Any CPU.ActiveCfg = Release|Any CPU
		{631EAED7-E61A-49C0-8610-54B80E0A1D4C}.Signed|Any CPU.Build.0 = Release|Any CPU
		{631EAED7-E61A-49C0-8610-54B80E0A1D4C}.Signed|ARM.ActiveCfg = Release|Any CPU
		{631EAED7-E61A-49C0-8610-54B80E0A1D4C}.Signed|ARM.Build.0 = Release|Any CPU
		{631EAED7-E61A-49C0-8610-54B80E0A1D4C}.Signed|x64.ActiveCfg = Release|Any CPU
		{631EAED7-E61A-49C0-8610-54B80E0A1D4C}.Signed|x64.Build.0 = Release|Any CPU
		{631EAED7-E61A-49C0-8610-54B80E0A1D4C}.Signed|x86.ActiveCfg = Release|Any CPU
		{631EAED7-E61A-49C0-8610-54B80E0A1D4C}.Signed|x86.Build.0 = Release|Any CPU
		{631EAED7-E61A-49C0-8610-54B80E0A1D4C}.STATIC_ONLY NO_EXPRESSIONS|Any CPU.ActiveCfg = Release|Any CPU
		{631EAED7-E61A-49C0-8610-54B80E0A1D4C}.STATIC_ONLY NO_EXPRESSIONS|Any CPU.Build.0 = Release|Any CPU
		{631EAED7-E61A-49C0-8610-54B80E0A1D4C}.STATIC_ONLY NO_EXPRESSIONS|ARM.ActiveCfg = Release|Any CPU
		{631EAED7-E61A-49C0-8610-54B80E0A1D4C}.STATIC_ONLY NO_EXPRESSIONS|ARM.Build.0 = Release|Any CPU
		{631EAED7-E61A-49C0-8610-54B80E0A1D4C}.STATIC_ONLY NO_EXPRESSIONS|x64.ActiveCfg = Release|Any CPU
		{631EAED7-E61A-49C0-8610-54B80E0A1D4C}.STATIC_ONLY NO_EXPRESSIONS|x64.Build.0 = Release|Any CPU
		{631EAED7-E61A-49C0-8610-54B80E0A1D4C}.STATIC_ONLY NO_EXPRESSIONS|x86.ActiveCfg = Release|Any CPU
		{631EAED7-E61A-49C0-8610-54B80E0A1D4C}.STATIC_ONLY NO_EXPRESSIONS|x86.Build.0 = Release|Any CPU
		{7413203C-3DF5-49E2-B678-DE2FBD174993}.Debug|Any CPU.ActiveCfg = Debug|Any CPU
		{7413203C-3DF5-49E2-B678-DE2FBD174993}.Debug|Any CPU.Build.0 = Debug|Any CPU
		{7413203C-3DF5-49E2-B678-DE2FBD174993}.Debug|ARM.ActiveCfg = Debug|Any CPU
		{7413203C-3DF5-49E2-B678-DE2FBD174993}.Debug|ARM.Build.0 = Debug|Any CPU
		{7413203C-3DF5-49E2-B678-DE2FBD174993}.Debug|x64.ActiveCfg = Debug|Any CPU
		{7413203C-3DF5-49E2-B678-DE2FBD174993}.Debug|x64.Build.0 = Debug|Any CPU
		{7413203C-3DF5-49E2-B678-DE2FBD174993}.Debug|x86.ActiveCfg = Debug|Any CPU
		{7413203C-3DF5-49E2-B678-DE2FBD174993}.Debug|x86.Build.0 = Debug|Any CPU
		{7413203C-3DF5-49E2-B678-DE2FBD174993}.MonoTouch|Any CPU.ActiveCfg = Release|Any CPU
		{7413203C-3DF5-49E2-B678-DE2FBD174993}.MonoTouch|Any CPU.Build.0 = Release|Any CPU
		{7413203C-3DF5-49E2-B678-DE2FBD174993}.MonoTouch|ARM.ActiveCfg = Release|Any CPU
		{7413203C-3DF5-49E2-B678-DE2FBD174993}.MonoTouch|ARM.Build.0 = Release|Any CPU
		{7413203C-3DF5-49E2-B678-DE2FBD174993}.MonoTouch|x64.ActiveCfg = Release|Any CPU
		{7413203C-3DF5-49E2-B678-DE2FBD174993}.MonoTouch|x64.Build.0 = Release|Any CPU
		{7413203C-3DF5-49E2-B678-DE2FBD174993}.MonoTouch|x86.ActiveCfg = Release|Any CPU
		{7413203C-3DF5-49E2-B678-DE2FBD174993}.MonoTouch|x86.Build.0 = Release|Any CPU
		{7413203C-3DF5-49E2-B678-DE2FBD174993}.Release|Any CPU.ActiveCfg = Release|Any CPU
		{7413203C-3DF5-49E2-B678-DE2FBD174993}.Release|Any CPU.Build.0 = Release|Any CPU
		{7413203C-3DF5-49E2-B678-DE2FBD174993}.Release|ARM.ActiveCfg = Release|Any CPU
		{7413203C-3DF5-49E2-B678-DE2FBD174993}.Release|ARM.Build.0 = Release|Any CPU
		{7413203C-3DF5-49E2-B678-DE2FBD174993}.Release|x64.ActiveCfg = Release|Any CPU
		{7413203C-3DF5-49E2-B678-DE2FBD174993}.Release|x64.Build.0 = Release|Any CPU
		{7413203C-3DF5-49E2-B678-DE2FBD174993}.Release|x86.ActiveCfg = Release|Any CPU
		{7413203C-3DF5-49E2-B678-DE2FBD174993}.Release|x86.Build.0 = Release|Any CPU
		{7413203C-3DF5-49E2-B678-DE2FBD174993}.Signed|Any CPU.ActiveCfg = Release|Any CPU
		{7413203C-3DF5-49E2-B678-DE2FBD174993}.Signed|Any CPU.Build.0 = Release|Any CPU
		{7413203C-3DF5-49E2-B678-DE2FBD174993}.Signed|ARM.ActiveCfg = Release|Any CPU
		{7413203C-3DF5-49E2-B678-DE2FBD174993}.Signed|ARM.Build.0 = Release|Any CPU
		{7413203C-3DF5-49E2-B678-DE2FBD174993}.Signed|x64.ActiveCfg = Release|Any CPU
		{7413203C-3DF5-49E2-B678-DE2FBD174993}.Signed|x64.Build.0 = Release|Any CPU
		{7413203C-3DF5-49E2-B678-DE2FBD174993}.Signed|x86.ActiveCfg = Release|Any CPU
		{7413203C-3DF5-49E2-B678-DE2FBD174993}.Signed|x86.Build.0 = Release|Any CPU
		{7413203C-3DF5-49E2-B678-DE2FBD174993}.STATIC_ONLY NO_EXPRESSIONS|Any CPU.ActiveCfg = Release|Any CPU
		{7413203C-3DF5-49E2-B678-DE2FBD174993}.STATIC_ONLY NO_EXPRESSIONS|Any CPU.Build.0 = Release|Any CPU
		{7413203C-3DF5-49E2-B678-DE2FBD174993}.STATIC_ONLY NO_EXPRESSIONS|ARM.ActiveCfg = Release|Any CPU
		{7413203C-3DF5-49E2-B678-DE2FBD174993}.STATIC_ONLY NO_EXPRESSIONS|ARM.Build.0 = Release|Any CPU
		{7413203C-3DF5-49E2-B678-DE2FBD174993}.STATIC_ONLY NO_EXPRESSIONS|x64.ActiveCfg = Release|Any CPU
		{7413203C-3DF5-49E2-B678-DE2FBD174993}.STATIC_ONLY NO_EXPRESSIONS|x64.Build.0 = Release|Any CPU
		{7413203C-3DF5-49E2-B678-DE2FBD174993}.STATIC_ONLY NO_EXPRESSIONS|x86.ActiveCfg = Release|Any CPU
		{7413203C-3DF5-49E2-B678-DE2FBD174993}.STATIC_ONLY NO_EXPRESSIONS|x86.Build.0 = Release|Any CPU
		{224ACE80-BF43-4BE1-AEB6-C7B3945A6F1E}.Debug|Any CPU.ActiveCfg = Debug|Any CPU
		{224ACE80-BF43-4BE1-AEB6-C7B3945A6F1E}.Debug|Any CPU.Build.0 = Debug|Any CPU
		{224ACE80-BF43-4BE1-AEB6-C7B3945A6F1E}.Debug|ARM.ActiveCfg = Debug|Any CPU
		{224ACE80-BF43-4BE1-AEB6-C7B3945A6F1E}.Debug|ARM.Build.0 = Debug|Any CPU
		{224ACE80-BF43-4BE1-AEB6-C7B3945A6F1E}.Debug|x64.ActiveCfg = Debug|Any CPU
		{224ACE80-BF43-4BE1-AEB6-C7B3945A6F1E}.Debug|x64.Build.0 = Debug|Any CPU
		{224ACE80-BF43-4BE1-AEB6-C7B3945A6F1E}.Debug|x86.ActiveCfg = Debug|Any CPU
		{224ACE80-BF43-4BE1-AEB6-C7B3945A6F1E}.Debug|x86.Build.0 = Debug|Any CPU
		{224ACE80-BF43-4BE1-AEB6-C7B3945A6F1E}.MonoTouch|Any CPU.ActiveCfg = Release|Any CPU
		{224ACE80-BF43-4BE1-AEB6-C7B3945A6F1E}.MonoTouch|Any CPU.Build.0 = Release|Any CPU
		{224ACE80-BF43-4BE1-AEB6-C7B3945A6F1E}.MonoTouch|ARM.ActiveCfg = Release|Any CPU
		{224ACE80-BF43-4BE1-AEB6-C7B3945A6F1E}.MonoTouch|ARM.Build.0 = Release|Any CPU
		{224ACE80-BF43-4BE1-AEB6-C7B3945A6F1E}.MonoTouch|x64.ActiveCfg = Release|Any CPU
		{224ACE80-BF43-4BE1-AEB6-C7B3945A6F1E}.MonoTouch|x64.Build.0 = Release|Any CPU
		{224ACE80-BF43-4BE1-AEB6-C7B3945A6F1E}.MonoTouch|x86.ActiveCfg = Release|Any CPU
		{224ACE80-BF43-4BE1-AEB6-C7B3945A6F1E}.MonoTouch|x86.Build.0 = Release|Any CPU
		{224ACE80-BF43-4BE1-AEB6-C7B3945A6F1E}.Release|Any CPU.ActiveCfg = Release|Any CPU
		{224ACE80-BF43-4BE1-AEB6-C7B3945A6F1E}.Release|Any CPU.Build.0 = Release|Any CPU
		{224ACE80-BF43-4BE1-AEB6-C7B3945A6F1E}.Release|ARM.ActiveCfg = Release|Any CPU
		{224ACE80-BF43-4BE1-AEB6-C7B3945A6F1E}.Release|ARM.Build.0 = Release|Any CPU
		{224ACE80-BF43-4BE1-AEB6-C7B3945A6F1E}.Release|x64.ActiveCfg = Release|Any CPU
		{224ACE80-BF43-4BE1-AEB6-C7B3945A6F1E}.Release|x64.Build.0 = Release|Any CPU
		{224ACE80-BF43-4BE1-AEB6-C7B3945A6F1E}.Release|x86.ActiveCfg = Release|Any CPU
		{224ACE80-BF43-4BE1-AEB6-C7B3945A6F1E}.Release|x86.Build.0 = Release|Any CPU
		{224ACE80-BF43-4BE1-AEB6-C7B3945A6F1E}.Signed|Any CPU.ActiveCfg = Release|Any CPU
		{224ACE80-BF43-4BE1-AEB6-C7B3945A6F1E}.Signed|Any CPU.Build.0 = Release|Any CPU
		{224ACE80-BF43-4BE1-AEB6-C7B3945A6F1E}.Signed|ARM.ActiveCfg = Release|Any CPU
		{224ACE80-BF43-4BE1-AEB6-C7B3945A6F1E}.Signed|ARM.Build.0 = Release|Any CPU
		{224ACE80-BF43-4BE1-AEB6-C7B3945A6F1E}.Signed|x64.ActiveCfg = Release|Any CPU
		{224ACE80-BF43-4BE1-AEB6-C7B3945A6F1E}.Signed|x64.Build.0 = Release|Any CPU
		{224ACE80-BF43-4BE1-AEB6-C7B3945A6F1E}.Signed|x86.ActiveCfg = Release|Any CPU
		{224ACE80-BF43-4BE1-AEB6-C7B3945A6F1E}.Signed|x86.Build.0 = Release|Any CPU
		{224ACE80-BF43-4BE1-AEB6-C7B3945A6F1E}.STATIC_ONLY NO_EXPRESSIONS|Any CPU.ActiveCfg = Release|Any CPU
		{224ACE80-BF43-4BE1-AEB6-C7B3945A6F1E}.STATIC_ONLY NO_EXPRESSIONS|Any CPU.Build.0 = Release|Any CPU
		{224ACE80-BF43-4BE1-AEB6-C7B3945A6F1E}.STATIC_ONLY NO_EXPRESSIONS|ARM.ActiveCfg = Release|Any CPU
		{224ACE80-BF43-4BE1-AEB6-C7B3945A6F1E}.STATIC_ONLY NO_EXPRESSIONS|ARM.Build.0 = Release|Any CPU
		{224ACE80-BF43-4BE1-AEB6-C7B3945A6F1E}.STATIC_ONLY NO_EXPRESSIONS|x64.ActiveCfg = Release|Any CPU
		{224ACE80-BF43-4BE1-AEB6-C7B3945A6F1E}.STATIC_ONLY NO_EXPRESSIONS|x64.Build.0 = Release|Any CPU
		{224ACE80-BF43-4BE1-AEB6-C7B3945A6F1E}.STATIC_ONLY NO_EXPRESSIONS|x86.ActiveCfg = Release|Any CPU
		{224ACE80-BF43-4BE1-AEB6-C7B3945A6F1E}.STATIC_ONLY NO_EXPRESSIONS|x86.Build.0 = Release|Any CPU
		{C2E2C11B-DC8E-4960-8D1A-2F057646885F}.Debug|Any CPU.ActiveCfg = Debug|Any CPU
		{C2E2C11B-DC8E-4960-8D1A-2F057646885F}.Debug|Any CPU.Build.0 = Debug|Any CPU
		{C2E2C11B-DC8E-4960-8D1A-2F057646885F}.Debug|ARM.ActiveCfg = Debug|Any CPU
		{C2E2C11B-DC8E-4960-8D1A-2F057646885F}.Debug|ARM.Build.0 = Debug|Any CPU
		{C2E2C11B-DC8E-4960-8D1A-2F057646885F}.Debug|x64.ActiveCfg = Debug|Any CPU
		{C2E2C11B-DC8E-4960-8D1A-2F057646885F}.Debug|x64.Build.0 = Debug|Any CPU
		{C2E2C11B-DC8E-4960-8D1A-2F057646885F}.Debug|x86.ActiveCfg = Debug|Any CPU
		{C2E2C11B-DC8E-4960-8D1A-2F057646885F}.Debug|x86.Build.0 = Debug|Any CPU
		{C2E2C11B-DC8E-4960-8D1A-2F057646885F}.MonoTouch|Any CPU.ActiveCfg = Release|Any CPU
		{C2E2C11B-DC8E-4960-8D1A-2F057646885F}.MonoTouch|Any CPU.Build.0 = Release|Any CPU
		{C2E2C11B-DC8E-4960-8D1A-2F057646885F}.MonoTouch|ARM.ActiveCfg = Release|Any CPU
		{C2E2C11B-DC8E-4960-8D1A-2F057646885F}.MonoTouch|ARM.Build.0 = Release|Any CPU
		{C2E2C11B-DC8E-4960-8D1A-2F057646885F}.MonoTouch|x64.ActiveCfg = Release|Any CPU
		{C2E2C11B-DC8E-4960-8D1A-2F057646885F}.MonoTouch|x64.Build.0 = Release|Any CPU
		{C2E2C11B-DC8E-4960-8D1A-2F057646885F}.MonoTouch|x86.ActiveCfg = Release|Any CPU
		{C2E2C11B-DC8E-4960-8D1A-2F057646885F}.MonoTouch|x86.Build.0 = Release|Any CPU
		{C2E2C11B-DC8E-4960-8D1A-2F057646885F}.Release|Any CPU.ActiveCfg = Release|Any CPU
		{C2E2C11B-DC8E-4960-8D1A-2F057646885F}.Release|Any CPU.Build.0 = Release|Any CPU
		{C2E2C11B-DC8E-4960-8D1A-2F057646885F}.Release|ARM.ActiveCfg = Release|Any CPU
		{C2E2C11B-DC8E-4960-8D1A-2F057646885F}.Release|ARM.Build.0 = Release|Any CPU
		{C2E2C11B-DC8E-4960-8D1A-2F057646885F}.Release|x64.ActiveCfg = Release|Any CPU
		{C2E2C11B-DC8E-4960-8D1A-2F057646885F}.Release|x64.Build.0 = Release|Any CPU
		{C2E2C11B-DC8E-4960-8D1A-2F057646885F}.Release|x86.ActiveCfg = Release|Any CPU
		{C2E2C11B-DC8E-4960-8D1A-2F057646885F}.Release|x86.Build.0 = Release|Any CPU
		{C2E2C11B-DC8E-4960-8D1A-2F057646885F}.Signed|Any CPU.ActiveCfg = Release|Any CPU
		{C2E2C11B-DC8E-4960-8D1A-2F057646885F}.Signed|Any CPU.Build.0 = Release|Any CPU
		{C2E2C11B-DC8E-4960-8D1A-2F057646885F}.Signed|ARM.ActiveCfg = Release|Any CPU
		{C2E2C11B-DC8E-4960-8D1A-2F057646885F}.Signed|ARM.Build.0 = Release|Any CPU
		{C2E2C11B-DC8E-4960-8D1A-2F057646885F}.Signed|x64.ActiveCfg = Release|Any CPU
		{C2E2C11B-DC8E-4960-8D1A-2F057646885F}.Signed|x64.Build.0 = Release|Any CPU
		{C2E2C11B-DC8E-4960-8D1A-2F057646885F}.Signed|x86.ActiveCfg = Release|Any CPU
		{C2E2C11B-DC8E-4960-8D1A-2F057646885F}.Signed|x86.Build.0 = Release|Any CPU
		{C2E2C11B-DC8E-4960-8D1A-2F057646885F}.STATIC_ONLY NO_EXPRESSIONS|Any CPU.ActiveCfg = Release|Any CPU
		{C2E2C11B-DC8E-4960-8D1A-2F057646885F}.STATIC_ONLY NO_EXPRESSIONS|Any CPU.Build.0 = Release|Any CPU
		{C2E2C11B-DC8E-4960-8D1A-2F057646885F}.STATIC_ONLY NO_EXPRESSIONS|ARM.ActiveCfg = Release|Any CPU
		{C2E2C11B-DC8E-4960-8D1A-2F057646885F}.STATIC_ONLY NO_EXPRESSIONS|ARM.Build.0 = Release|Any CPU
		{C2E2C11B-DC8E-4960-8D1A-2F057646885F}.STATIC_ONLY NO_EXPRESSIONS|x64.ActiveCfg = Release|Any CPU
		{C2E2C11B-DC8E-4960-8D1A-2F057646885F}.STATIC_ONLY NO_EXPRESSIONS|x64.Build.0 = Release|Any CPU
		{C2E2C11B-DC8E-4960-8D1A-2F057646885F}.STATIC_ONLY NO_EXPRESSIONS|x86.ActiveCfg = Release|Any CPU
		{C2E2C11B-DC8E-4960-8D1A-2F057646885F}.STATIC_ONLY NO_EXPRESSIONS|x86.Build.0 = Release|Any CPU
		{AB2413B0-A75C-4D05-B7EA-200FEC7F1597}.Debug|Any CPU.ActiveCfg = Debug|Any CPU
		{AB2413B0-A75C-4D05-B7EA-200FEC7F1597}.Debug|Any CPU.Build.0 = Debug|Any CPU
		{AB2413B0-A75C-4D05-B7EA-200FEC7F1597}.Debug|ARM.ActiveCfg = Debug|Any CPU
		{AB2413B0-A75C-4D05-B7EA-200FEC7F1597}.Debug|ARM.Build.0 = Debug|Any CPU
		{AB2413B0-A75C-4D05-B7EA-200FEC7F1597}.Debug|x64.ActiveCfg = Debug|Any CPU
		{AB2413B0-A75C-4D05-B7EA-200FEC7F1597}.Debug|x64.Build.0 = Debug|Any CPU
		{AB2413B0-A75C-4D05-B7EA-200FEC7F1597}.Debug|x86.ActiveCfg = Debug|Any CPU
		{AB2413B0-A75C-4D05-B7EA-200FEC7F1597}.Debug|x86.Build.0 = Debug|Any CPU
		{AB2413B0-A75C-4D05-B7EA-200FEC7F1597}.MonoTouch|Any CPU.ActiveCfg = Debug|Any CPU
		{AB2413B0-A75C-4D05-B7EA-200FEC7F1597}.MonoTouch|Any CPU.Build.0 = Debug|Any CPU
		{AB2413B0-A75C-4D05-B7EA-200FEC7F1597}.MonoTouch|ARM.ActiveCfg = Debug|Any CPU
		{AB2413B0-A75C-4D05-B7EA-200FEC7F1597}.MonoTouch|ARM.Build.0 = Debug|Any CPU
		{AB2413B0-A75C-4D05-B7EA-200FEC7F1597}.MonoTouch|x64.ActiveCfg = Debug|Any CPU
		{AB2413B0-A75C-4D05-B7EA-200FEC7F1597}.MonoTouch|x64.Build.0 = Debug|Any CPU
		{AB2413B0-A75C-4D05-B7EA-200FEC7F1597}.MonoTouch|x86.ActiveCfg = Debug|Any CPU
		{AB2413B0-A75C-4D05-B7EA-200FEC7F1597}.MonoTouch|x86.Build.0 = Debug|Any CPU
		{AB2413B0-A75C-4D05-B7EA-200FEC7F1597}.Release|Any CPU.ActiveCfg = Release|Any CPU
		{AB2413B0-A75C-4D05-B7EA-200FEC7F1597}.Release|Any CPU.Build.0 = Release|Any CPU
		{AB2413B0-A75C-4D05-B7EA-200FEC7F1597}.Release|ARM.ActiveCfg = Release|Any CPU
		{AB2413B0-A75C-4D05-B7EA-200FEC7F1597}.Release|ARM.Build.0 = Release|Any CPU
		{AB2413B0-A75C-4D05-B7EA-200FEC7F1597}.Release|x64.ActiveCfg = Release|Any CPU
		{AB2413B0-A75C-4D05-B7EA-200FEC7F1597}.Release|x64.Build.0 = Release|Any CPU
		{AB2413B0-A75C-4D05-B7EA-200FEC7F1597}.Release|x86.ActiveCfg = Release|Any CPU
		{AB2413B0-A75C-4D05-B7EA-200FEC7F1597}.Release|x86.Build.0 = Release|Any CPU
		{AB2413B0-A75C-4D05-B7EA-200FEC7F1597}.Signed|Any CPU.ActiveCfg = Debug|Any CPU
		{AB2413B0-A75C-4D05-B7EA-200FEC7F1597}.Signed|Any CPU.Build.0 = Debug|Any CPU
		{AB2413B0-A75C-4D05-B7EA-200FEC7F1597}.Signed|ARM.ActiveCfg = Debug|Any CPU
		{AB2413B0-A75C-4D05-B7EA-200FEC7F1597}.Signed|ARM.Build.0 = Debug|Any CPU
		{AB2413B0-A75C-4D05-B7EA-200FEC7F1597}.Signed|x64.ActiveCfg = Debug|Any CPU
		{AB2413B0-A75C-4D05-B7EA-200FEC7F1597}.Signed|x64.Build.0 = Debug|Any CPU
		{AB2413B0-A75C-4D05-B7EA-200FEC7F1597}.Signed|x86.ActiveCfg = Debug|Any CPU
		{AB2413B0-A75C-4D05-B7EA-200FEC7F1597}.Signed|x86.Build.0 = Debug|Any CPU
		{AB2413B0-A75C-4D05-B7EA-200FEC7F1597}.STATIC_ONLY NO_EXPRESSIONS|Any CPU.ActiveCfg = Debug|Any CPU
		{AB2413B0-A75C-4D05-B7EA-200FEC7F1597}.STATIC_ONLY NO_EXPRESSIONS|Any CPU.Build.0 = Debug|Any CPU
		{AB2413B0-A75C-4D05-B7EA-200FEC7F1597}.STATIC_ONLY NO_EXPRESSIONS|ARM.ActiveCfg = Debug|Any CPU
		{AB2413B0-A75C-4D05-B7EA-200FEC7F1597}.STATIC_ONLY NO_EXPRESSIONS|ARM.Build.0 = Debug|Any CPU
		{AB2413B0-A75C-4D05-B7EA-200FEC7F1597}.STATIC_ONLY NO_EXPRESSIONS|x64.ActiveCfg = Debug|Any CPU
		{AB2413B0-A75C-4D05-B7EA-200FEC7F1597}.STATIC_ONLY NO_EXPRESSIONS|x64.Build.0 = Debug|Any CPU
		{AB2413B0-A75C-4D05-B7EA-200FEC7F1597}.STATIC_ONLY NO_EXPRESSIONS|x86.ActiveCfg = Debug|Any CPU
		{AB2413B0-A75C-4D05-B7EA-200FEC7F1597}.STATIC_ONLY NO_EXPRESSIONS|x86.Build.0 = Debug|Any CPU
	EndGlobalSection
	GlobalSection(SolutionProperties) = preSolution
		HideSolutionNode = FALSE
	EndGlobalSection
EndGlobal
